// !$*UTF8*$!
{
	archiveVersion = 1;
	classes = {
	};
	objectVersion = 46;
	objects = {

/* Begin PBXBuildFile section */
		630F1ED2196E3D9D009D271B /* PCAAdditionalInfoViewController.m in Sources */ = {isa = PBXBuildFile; fileRef = 630F1ED1196E3D9D009D271B /* PCAAdditionalInfoViewController.m */; };
		637A825C196CBF830014310D /* Parse.framework in Frameworks */ = {isa = PBXBuildFile; fileRef = 637A825B196CBF830014310D /* Parse.framework */; };
		637A825E196CC02D0014310D /* Accounts.framework in Frameworks */ = {isa = PBXBuildFile; fileRef = 637A825D196CC02D0014310D /* Accounts.framework */; };
		637A8260196CC0310014310D /* Social.framework in Frameworks */ = {isa = PBXBuildFile; fileRef = 637A825F196CC0310014310D /* Social.framework */; };
		637A8263196CDA2B0014310D /* PCALoginViewController.m in Sources */ = {isa = PBXBuildFile; fileRef = 637A8262196CDA2B0014310D /* PCALoginViewController.m */; };
		637A8266196CDA3D0014310D /* PCASignupViewController.m in Sources */ = {isa = PBXBuildFile; fileRef = 637A8265196CDA3D0014310D /* PCASignupViewController.m */; };
		63B503BD18FB43C20017F906 /* Foundation.framework in Frameworks */ = {isa = PBXBuildFile; fileRef = 63B503BC18FB43C20017F906 /* Foundation.framework */; };
		63B503BF18FB43C20017F906 /* CoreGraphics.framework in Frameworks */ = {isa = PBXBuildFile; fileRef = 63B503BE18FB43C20017F906 /* CoreGraphics.framework */; };
		63B503C118FB43C20017F906 /* UIKit.framework in Frameworks */ = {isa = PBXBuildFile; fileRef = 63B503C018FB43C20017F906 /* UIKit.framework */; };
		63B503C718FB43C20017F906 /* InfoPlist.strings in Resources */ = {isa = PBXBuildFile; fileRef = 63B503C518FB43C20017F906 /* InfoPlist.strings */; };
		63B503C918FB43C20017F906 /* main.m in Sources */ = {isa = PBXBuildFile; fileRef = 63B503C818FB43C20017F906 /* main.m */; };
		63B503CD18FB43C20017F906 /* PCAAppDelegate.m in Sources */ = {isa = PBXBuildFile; fileRef = 63B503CC18FB43C20017F906 /* PCAAppDelegate.m */; };
		63B503D018FB43C20017F906 /* Main.storyboard in Resources */ = {isa = PBXBuildFile; fileRef = 63B503CE18FB43C20017F906 /* Main.storyboard */; };
		63B503D318FB43C20017F906 /* PCAViewController.m in Sources */ = {isa = PBXBuildFile; fileRef = 63B503D218FB43C20017F906 /* PCAViewController.m */; };
		63B503D518FB43C20017F906 /* Images.xcassets in Resources */ = {isa = PBXBuildFile; fileRef = 63B503D418FB43C20017F906 /* Images.xcassets */; };
		63B503DC18FB43C20017F906 /* XCTest.framework in Frameworks */ = {isa = PBXBuildFile; fileRef = 63B503DB18FB43C20017F906 /* XCTest.framework */; };
		63B503DD18FB43C20017F906 /* Foundation.framework in Frameworks */ = {isa = PBXBuildFile; fileRef = 63B503BC18FB43C20017F906 /* Foundation.framework */; };
		63B503DE18FB43C20017F906 /* UIKit.framework in Frameworks */ = {isa = PBXBuildFile; fileRef = 63B503C018FB43C20017F906 /* UIKit.framework */; };
		63B503E618FB43C20017F906 /* InfoPlist.strings in Resources */ = {isa = PBXBuildFile; fileRef = 63B503E418FB43C20017F906 /* InfoPlist.strings */; };
		63B503E818FB43C20017F906 /* PCA_ThesisTests.m in Sources */ = {isa = PBXBuildFile; fileRef = 63B503E718FB43C20017F906 /* PCA_ThesisTests.m */; };
		63BE8D46196BA3C300B20BD9 /* AudioToolbox.framework in Frameworks */ = {isa = PBXBuildFile; fileRef = 63BE8D45196BA3C300B20BD9 /* AudioToolbox.framework */; };
		63BE8D48196BA3CB00B20BD9 /* CFNetwork.framework in Frameworks */ = {isa = PBXBuildFile; fileRef = 63BE8D47196BA3CB00B20BD9 /* CFNetwork.framework */; };
		63BE8D4A196BA3D700B20BD9 /* CoreLocation.framework in Frameworks */ = {isa = PBXBuildFile; fileRef = 63BE8D49196BA3D700B20BD9 /* CoreLocation.framework */; };
		63BE8D4C196BA3DF00B20BD9 /* libz.dylib in Frameworks */ = {isa = PBXBuildFile; fileRef = 63BE8D4B196BA3DF00B20BD9 /* libz.dylib */; };
		63BE8D4E196BA3E500B20BD9 /* MobileCoreServices.framework in Frameworks */ = {isa = PBXBuildFile; fileRef = 63BE8D4D196BA3E500B20BD9 /* MobileCoreServices.framework */; };
		63BE8D50196BA3EB00B20BD9 /* QuartzCore.framework in Frameworks */ = {isa = PBXBuildFile; fileRef = 63BE8D4F196BA3EB00B20BD9 /* QuartzCore.framework */; };
		63BE8D52196BA3F000B20BD9 /* Security.framework in Frameworks */ = {isa = PBXBuildFile; fileRef = 63BE8D51196BA3F000B20BD9 /* Security.framework */; };
		63BE8D54196BA3F500B20BD9 /* StoreKit.framework in Frameworks */ = {isa = PBXBuildFile; fileRef = 63BE8D53196BA3F500B20BD9 /* StoreKit.framework */; };
		63BE8D56196BA3FC00B20BD9 /* SystemConfiguration.framework in Frameworks */ = {isa = PBXBuildFile; fileRef = 63BE8D55196BA3FC00B20BD9 /* SystemConfiguration.framework */; };
/* End PBXBuildFile section */

/* Begin PBXContainerItemProxy section */
		63B503DF18FB43C20017F906 /* PBXContainerItemProxy */ = {
			isa = PBXContainerItemProxy;
			containerPortal = 63B503B118FB43C20017F906 /* Project object */;
			proxyType = 1;
			remoteGlobalIDString = 63B503B818FB43C20017F906;
			remoteInfo = "PCA-Thesis";
		};
/* End PBXContainerItemProxy section */

/* Begin PBXFileReference section */
		630F1ED0196E3D9D009D271B /* PCAAdditionalInfoViewController.h */ = {isa = PBXFileReference; fileEncoding = 4; lastKnownFileType = sourcecode.c.h; path = PCAAdditionalInfoViewController.h; sourceTree = "<group>"; };
		630F1ED1196E3D9D009D271B /* PCAAdditionalInfoViewController.m */ = {isa = PBXFileReference; fileEncoding = 4; lastKnownFileType = sourcecode.c.objc; path = PCAAdditionalInfoViewController.m; sourceTree = "<group>"; };
		637A825B196CBF830014310D /* Parse.framework */ = {isa = PBXFileReference; lastKnownFileType = wrapper.framework; path = Parse.framework; sourceTree = "<group>"; };
		637A825D196CC02D0014310D /* Accounts.framework */ = {isa = PBXFileReference; lastKnownFileType = wrapper.framework; name = Accounts.framework; path = System/Library/Frameworks/Accounts.framework; sourceTree = SDKROOT; };
		637A825F196CC0310014310D /* Social.framework */ = {isa = PBXFileReference; lastKnownFileType = wrapper.framework; name = Social.framework; path = System/Library/Frameworks/Social.framework; sourceTree = SDKROOT; };
		637A8261196CDA2B0014310D /* PCALoginViewController.h */ = {isa = PBXFileReference; fileEncoding = 4; lastKnownFileType = sourcecode.c.h; path = PCALoginViewController.h; sourceTree = "<group>"; };
		637A8262196CDA2B0014310D /* PCALoginViewController.m */ = {isa = PBXFileReference; fileEncoding = 4; lastKnownFileType = sourcecode.c.objc; path = PCALoginViewController.m; sourceTree = "<group>"; };
		637A8264196CDA3D0014310D /* PCASignupViewController.h */ = {isa = PBXFileReference; fileEncoding = 4; lastKnownFileType = sourcecode.c.h; path = PCASignupViewController.h; sourceTree = "<group>"; };
		637A8265196CDA3D0014310D /* PCASignupViewController.m */ = {isa = PBXFileReference; fileEncoding = 4; lastKnownFileType = sourcecode.c.objc; path = PCASignupViewController.m; sourceTree = "<group>"; };
		63B503B918FB43C20017F906 /* PCA-Thesis.app */ = {isa = PBXFileReference; explicitFileType = wrapper.application; includeInIndex = 0; path = "PCA-Thesis.app"; sourceTree = BUILT_PRODUCTS_DIR; };
		63B503BC18FB43C20017F906 /* Foundation.framework */ = {isa = PBXFileReference; lastKnownFileType = wrapper.framework; name = Foundation.framework; path = System/Library/Frameworks/Foundation.framework; sourceTree = SDKROOT; };
		63B503BE18FB43C20017F906 /* CoreGraphics.framework */ = {isa = PBXFileReference; lastKnownFileType = wrapper.framework; name = CoreGraphics.framework; path = System/Library/Frameworks/CoreGraphics.framework; sourceTree = SDKROOT; };
		63B503C018FB43C20017F906 /* UIKit.framework */ = {isa = PBXFileReference; lastKnownFileType = wrapper.framework; name = UIKit.framework; path = System/Library/Frameworks/UIKit.framework; sourceTree = SDKROOT; };
		63B503C418FB43C20017F906 /* PCA-Thesis-Info.plist */ = {isa = PBXFileReference; lastKnownFileType = text.plist.xml; path = "PCA-Thesis-Info.plist"; sourceTree = "<group>"; };
		63B503C618FB43C20017F906 /* en */ = {isa = PBXFileReference; lastKnownFileType = text.plist.strings; name = en; path = en.lproj/InfoPlist.strings; sourceTree = "<group>"; };
		63B503C818FB43C20017F906 /* main.m */ = {isa = PBXFileReference; lastKnownFileType = sourcecode.c.objc; path = main.m; sourceTree = "<group>"; };
		63B503CA18FB43C20017F906 /* PCA-Thesis-Prefix.pch */ = {isa = PBXFileReference; lastKnownFileType = sourcecode.c.h; path = "PCA-Thesis-Prefix.pch"; sourceTree = "<group>"; };
		63B503CB18FB43C20017F906 /* PCAAppDelegate.h */ = {isa = PBXFileReference; lastKnownFileType = sourcecode.c.h; path = PCAAppDelegate.h; sourceTree = "<group>"; };
		63B503CC18FB43C20017F906 /* PCAAppDelegate.m */ = {isa = PBXFileReference; lastKnownFileType = sourcecode.c.objc; path = PCAAppDelegate.m; sourceTree = "<group>"; };
		63B503CF18FB43C20017F906 /* Base */ = {isa = PBXFileReference; lastKnownFileType = file.storyboard; name = Base; path = Base.lproj/Main.storyboard; sourceTree = "<group>"; };
		63B503D118FB43C20017F906 /* PCAViewController.h */ = {isa = PBXFileReference; lastKnownFileType = sourcecode.c.h; path = PCAViewController.h; sourceTree = "<group>"; };
		63B503D218FB43C20017F906 /* PCAViewController.m */ = {isa = PBXFileReference; lastKnownFileType = sourcecode.c.objc; path = PCAViewController.m; sourceTree = "<group>"; };
		63B503D418FB43C20017F906 /* Images.xcassets */ = {isa = PBXFileReference; lastKnownFileType = folder.assetcatalog; path = Images.xcassets; sourceTree = "<group>"; };
		63B503DA18FB43C20017F906 /* PCA-ThesisTests.xctest */ = {isa = PBXFileReference; explicitFileType = wrapper.cfbundle; includeInIndex = 0; path = "PCA-ThesisTests.xctest"; sourceTree = BUILT_PRODUCTS_DIR; };
		63B503DB18FB43C20017F906 /* XCTest.framework */ = {isa = PBXFileReference; lastKnownFileType = wrapper.framework; name = XCTest.framework; path = Library/Frameworks/XCTest.framework; sourceTree = DEVELOPER_DIR; };
		63B503E318FB43C20017F906 /* PCA-ThesisTests-Info.plist */ = {isa = PBXFileReference; lastKnownFileType = text.plist.xml; path = "PCA-ThesisTests-Info.plist"; sourceTree = "<group>"; };
		63B503E518FB43C20017F906 /* en */ = {isa = PBXFileReference; lastKnownFileType = text.plist.strings; name = en; path = en.lproj/InfoPlist.strings; sourceTree = "<group>"; };
		63B503E718FB43C20017F906 /* PCA_ThesisTests.m */ = {isa = PBXFileReference; lastKnownFileType = sourcecode.c.objc; path = PCA_ThesisTests.m; sourceTree = "<group>"; };
		63BE8D45196BA3C300B20BD9 /* AudioToolbox.framework */ = {isa = PBXFileReference; lastKnownFileType = wrapper.framework; name = AudioToolbox.framework; path = System/Library/Frameworks/AudioToolbox.framework; sourceTree = SDKROOT; };
		63BE8D47196BA3CB00B20BD9 /* CFNetwork.framework */ = {isa = PBXFileReference; lastKnownFileType = wrapper.framework; name = CFNetwork.framework; path = System/Library/Frameworks/CFNetwork.framework; sourceTree = SDKROOT; };
		63BE8D49196BA3D700B20BD9 /* CoreLocation.framework */ = {isa = PBXFileReference; lastKnownFileType = wrapper.framework; name = CoreLocation.framework; path = System/Library/Frameworks/CoreLocation.framework; sourceTree = SDKROOT; };
		63BE8D4B196BA3DF00B20BD9 /* libz.dylib */ = {isa = PBXFileReference; lastKnownFileType = "compiled.mach-o.dylib"; name = libz.dylib; path = usr/lib/libz.dylib; sourceTree = SDKROOT; };
		63BE8D4D196BA3E500B20BD9 /* MobileCoreServices.framework */ = {isa = PBXFileReference; lastKnownFileType = wrapper.framework; name = MobileCoreServices.framework; path = System/Library/Frameworks/MobileCoreServices.framework; sourceTree = SDKROOT; };
		63BE8D4F196BA3EB00B20BD9 /* QuartzCore.framework */ = {isa = PBXFileReference; lastKnownFileType = wrapper.framework; name = QuartzCore.framework; path = System/Library/Frameworks/QuartzCore.framework; sourceTree = SDKROOT; };
		63BE8D51196BA3F000B20BD9 /* Security.framework */ = {isa = PBXFileReference; lastKnownFileType = wrapper.framework; name = Security.framework; path = System/Library/Frameworks/Security.framework; sourceTree = SDKROOT; };
		63BE8D53196BA3F500B20BD9 /* StoreKit.framework */ = {isa = PBXFileReference; lastKnownFileType = wrapper.framework; name = StoreKit.framework; path = System/Library/Frameworks/StoreKit.framework; sourceTree = SDKROOT; };
		63BE8D55196BA3FC00B20BD9 /* SystemConfiguration.framework */ = {isa = PBXFileReference; lastKnownFileType = wrapper.framework; name = SystemConfiguration.framework; path = System/Library/Frameworks/SystemConfiguration.framework; sourceTree = SDKROOT; };
/* End PBXFileReference section */

/* Begin PBXFrameworksBuildPhase section */
		63B503B618FB43C20017F906 /* Frameworks */ = {
			isa = PBXFrameworksBuildPhase;
			buildActionMask = 2147483647;
			files = (
				637A8260196CC0310014310D /* Social.framework in Frameworks */,
				637A825E196CC02D0014310D /* Accounts.framework in Frameworks */,
				63BE8D56196BA3FC00B20BD9 /* SystemConfiguration.framework in Frameworks */,
				63BE8D54196BA3F500B20BD9 /* StoreKit.framework in Frameworks */,
				63BE8D52196BA3F000B20BD9 /* Security.framework in Frameworks */,
				63BE8D50196BA3EB00B20BD9 /* QuartzCore.framework in Frameworks */,
				63BE8D4E196BA3E500B20BD9 /* MobileCoreServices.framework in Frameworks */,
				63BE8D4C196BA3DF00B20BD9 /* libz.dylib in Frameworks */,
				637A825C196CBF830014310D /* Parse.framework in Frameworks */,
				63BE8D4A196BA3D700B20BD9 /* CoreLocation.framework in Frameworks */,
				63B503BF18FB43C20017F906 /* CoreGraphics.framework in Frameworks */,
				63BE8D48196BA3CB00B20BD9 /* CFNetwork.framework in Frameworks */,
				63BE8D46196BA3C300B20BD9 /* AudioToolbox.framework in Frameworks */,
				63B503C118FB43C20017F906 /* UIKit.framework in Frameworks */,
				63B503BD18FB43C20017F906 /* Foundation.framework in Frameworks */,
			);
			runOnlyForDeploymentPostprocessing = 0;
		};
		63B503D718FB43C20017F906 /* Frameworks */ = {
			isa = PBXFrameworksBuildPhase;
			buildActionMask = 2147483647;
			files = (
				63B503DC18FB43C20017F906 /* XCTest.framework in Frameworks */,
				63B503DE18FB43C20017F906 /* UIKit.framework in Frameworks */,
				63B503DD18FB43C20017F906 /* Foundation.framework in Frameworks */,
			);
			runOnlyForDeploymentPostprocessing = 0;
		};
/* End PBXFrameworksBuildPhase section */

/* Begin PBXGroup section */
		63B503B018FB43C20017F906 = {
			isa = PBXGroup;
			children = (
				63B503C218FB43C20017F906 /* PCA-Thesis */,
				63B503E118FB43C20017F906 /* PCA-ThesisTests */,
				63B503BB18FB43C20017F906 /* Frameworks */,
				63B503BA18FB43C20017F906 /* Products */,
			);
			sourceTree = "<group>";
		};
		63B503BA18FB43C20017F906 /* Products */ = {
			isa = PBXGroup;
			children = (
				63B503B918FB43C20017F906 /* PCA-Thesis.app */,
				63B503DA18FB43C20017F906 /* PCA-ThesisTests.xctest */,
			);
			name = Products;
			sourceTree = "<group>";
		};
		63B503BB18FB43C20017F906 /* Frameworks */ = {
			isa = PBXGroup;
			children = (
				637A825F196CC0310014310D /* Social.framework */,
				637A825D196CC02D0014310D /* Accounts.framework */,
				637A825B196CBF830014310D /* Parse.framework */,
				63BE8D55196BA3FC00B20BD9 /* SystemConfiguration.framework */,
				63BE8D53196BA3F500B20BD9 /* StoreKit.framework */,
				63BE8D51196BA3F000B20BD9 /* Security.framework */,
				63BE8D4F196BA3EB00B20BD9 /* QuartzCore.framework */,
				63BE8D4D196BA3E500B20BD9 /* MobileCoreServices.framework */,
				63BE8D4B196BA3DF00B20BD9 /* libz.dylib */,
				63BE8D49196BA3D700B20BD9 /* CoreLocation.framework */,
				63BE8D47196BA3CB00B20BD9 /* CFNetwork.framework */,
				63BE8D45196BA3C300B20BD9 /* AudioToolbox.framework */,
				63B503BC18FB43C20017F906 /* Foundation.framework */,
				63B503BE18FB43C20017F906 /* CoreGraphics.framework */,
				63B503C018FB43C20017F906 /* UIKit.framework */,
				63B503DB18FB43C20017F906 /* XCTest.framework */,
			);
			name = Frameworks;
			sourceTree = "<group>";
		};
		63B503C218FB43C20017F906 /* PCA-Thesis */ = {
			isa = PBXGroup;
			children = (
				63B503CB18FB43C20017F906 /* PCAAppDelegate.h */,
				63B503CC18FB43C20017F906 /* PCAAppDelegate.m */,
				63B503CE18FB43C20017F906 /* Main.storyboard */,
				630F1ED0196E3D9D009D271B /* PCAAdditionalInfoViewController.h */,
				630F1ED1196E3D9D009D271B /* PCAAdditionalInfoViewController.m */,
				63B503D118FB43C20017F906 /* PCAViewController.h */,
				63B503D218FB43C20017F906 /* PCAViewController.m */,
				637A8261196CDA2B0014310D /* PCALoginViewController.h */,
				637A8262196CDA2B0014310D /* PCALoginViewController.m */,
				637A8264196CDA3D0014310D /* PCASignupViewController.h */,
				637A8265196CDA3D0014310D /* PCASignupViewController.m */,
				63B503D418FB43C20017F906 /* Images.xcassets */,
				63B503C318FB43C20017F906 /* Supporting Files */,
			);
			path = "PCA-Thesis";
			sourceTree = "<group>";
		};
		63B503C318FB43C20017F906 /* Supporting Files */ = {
			isa = PBXGroup;
			children = (
				63B503C418FB43C20017F906 /* PCA-Thesis-Info.plist */,
				63B503C518FB43C20017F906 /* InfoPlist.strings */,
				63B503C818FB43C20017F906 /* main.m */,
				63B503CA18FB43C20017F906 /* PCA-Thesis-Prefix.pch */,
			);
			name = "Supporting Files";
			sourceTree = "<group>";
		};
		63B503E118FB43C20017F906 /* PCA-ThesisTests */ = {
			isa = PBXGroup;
			children = (
				63B503E718FB43C20017F906 /* PCA_ThesisTests.m */,
				63B503E218FB43C20017F906 /* Supporting Files */,
			);
			path = "PCA-ThesisTests";
			sourceTree = "<group>";
		};
		63B503E218FB43C20017F906 /* Supporting Files */ = {
			isa = PBXGroup;
			children = (
				63B503E318FB43C20017F906 /* PCA-ThesisTests-Info.plist */,
				63B503E418FB43C20017F906 /* InfoPlist.strings */,
			);
			name = "Supporting Files";
			sourceTree = "<group>";
		};
/* End PBXGroup section */

/* Begin PBXNativeTarget section */
		63B503B818FB43C20017F906 /* PCA-Thesis */ = {
			isa = PBXNativeTarget;
			buildConfigurationList = 63B503EB18FB43C20017F906 /* Build configuration list for PBXNativeTarget "PCA-Thesis" */;
			buildPhases = (
				63B503B518FB43C20017F906 /* Sources */,
				63B503B618FB43C20017F906 /* Frameworks */,
				63B503B718FB43C20017F906 /* Resources */,
			);
			buildRules = (
			);
			dependencies = (
			);
			name = "PCA-Thesis";
			productName = "PCA-Thesis";
			productReference = 63B503B918FB43C20017F906 /* PCA-Thesis.app */;
			productType = "com.apple.product-type.application";
		};
		63B503D918FB43C20017F906 /* PCA-ThesisTests */ = {
			isa = PBXNativeTarget;
			buildConfigurationList = 63B503EE18FB43C20017F906 /* Build configuration list for PBXNativeTarget "PCA-ThesisTests" */;
			buildPhases = (
				63B503D618FB43C20017F906 /* Sources */,
				63B503D718FB43C20017F906 /* Frameworks */,
				63B503D818FB43C20017F906 /* Resources */,
			);
			buildRules = (
			);
			dependencies = (
				63B503E018FB43C20017F906 /* PBXTargetDependency */,
			);
			name = "PCA-ThesisTests";
			productName = "PCA-ThesisTests";
			productReference = 63B503DA18FB43C20017F906 /* PCA-ThesisTests.xctest */;
			productType = "com.apple.product-type.bundle.unit-test";
		};
/* End PBXNativeTarget section */

/* Begin PBXProject section */
		63B503B118FB43C20017F906 /* Project object */ = {
			isa = PBXProject;
			attributes = {
				CLASSPREFIX = PCA;
				LastUpgradeCheck = 0510;
				ORGANIZATIONNAME = dhganey;
				TargetAttributes = {
					63B503D918FB43C20017F906 = {
						TestTargetID = 63B503B818FB43C20017F906;
					};
				};
			};
			buildConfigurationList = 63B503B418FB43C20017F906 /* Build configuration list for PBXProject "PCA-Thesis" */;
			compatibilityVersion = "Xcode 3.2";
			developmentRegion = English;
			hasScannedForEncodings = 0;
			knownRegions = (
				en,
				Base,
			);
			mainGroup = 63B503B018FB43C20017F906;
			productRefGroup = 63B503BA18FB43C20017F906 /* Products */;
			projectDirPath = "";
			projectRoot = "";
			targets = (
				63B503B818FB43C20017F906 /* PCA-Thesis */,
				63B503D918FB43C20017F906 /* PCA-ThesisTests */,
			);
		};
/* End PBXProject section */

/* Begin PBXResourcesBuildPhase section */
		63B503B718FB43C20017F906 /* Resources */ = {
			isa = PBXResourcesBuildPhase;
			buildActionMask = 2147483647;
			files = (
				63B503D518FB43C20017F906 /* Images.xcassets in Resources */,
				63B503C718FB43C20017F906 /* InfoPlist.strings in Resources */,
				63B503D018FB43C20017F906 /* Main.storyboard in Resources */,
			);
			runOnlyForDeploymentPostprocessing = 0;
		};
		63B503D818FB43C20017F906 /* Resources */ = {
			isa = PBXResourcesBuildPhase;
			buildActionMask = 2147483647;
			files = (
				63B503E618FB43C20017F906 /* InfoPlist.strings in Resources */,
			);
			runOnlyForDeploymentPostprocessing = 0;
		};
/* End PBXResourcesBuildPhase section */

/* Begin PBXSourcesBuildPhase section */
		63B503B518FB43C20017F906 /* Sources */ = {
			isa = PBXSourcesBuildPhase;
			buildActionMask = 2147483647;
			files = (
				630F1ED2196E3D9D009D271B /* PCAAdditionalInfoViewController.m in Sources */,
				63B503D318FB43C20017F906 /* PCAViewController.m in Sources */,
				63B503C918FB43C20017F906 /* main.m in Sources */,
				63B503CD18FB43C20017F906 /* PCAAppDelegate.m in Sources */,
				637A8263196CDA2B0014310D /* PCALoginViewController.m in Sources */,
				637A8266196CDA3D0014310D /* PCASignupViewController.m in Sources */,
			);
			runOnlyForDeploymentPostprocessing = 0;
		};
		63B503D618FB43C20017F906 /* Sources */ = {
			isa = PBXSourcesBuildPhase;
			buildActionMask = 2147483647;
			files = (
				63B503E818FB43C20017F906 /* PCA_ThesisTests.m in Sources */,
			);
			runOnlyForDeploymentPostprocessing = 0;
		};
/* End PBXSourcesBuildPhase section */

/* Begin PBXTargetDependency section */
		63B503E018FB43C20017F906 /* PBXTargetDependency */ = {
			isa = PBXTargetDependency;
			target = 63B503B818FB43C20017F906 /* PCA-Thesis */;
			targetProxy = 63B503DF18FB43C20017F906 /* PBXContainerItemProxy */;
		};
/* End PBXTargetDependency section */

/* Begin PBXVariantGroup section */
		63B503C518FB43C20017F906 /* InfoPlist.strings */ = {
			isa = PBXVariantGroup;
			children = (
				63B503C618FB43C20017F906 /* en */,
			);
			name = InfoPlist.strings;
			sourceTree = "<group>";
		};
		63B503CE18FB43C20017F906 /* Main.storyboard */ = {
			isa = PBXVariantGroup;
			children = (
				63B503CF18FB43C20017F906 /* Base */,
			);
			name = Main.storyboard;
			sourceTree = "<group>";
		};
		63B503E418FB43C20017F906 /* InfoPlist.strings */ = {
			isa = PBXVariantGroup;
			children = (
				63B503E518FB43C20017F906 /* en */,
			);
			name = InfoPlist.strings;
			sourceTree = "<group>";
		};
/* End PBXVariantGroup section */

/* Begin XCBuildConfiguration section */
		63B503E918FB43C20017F906 /* Debug */ = {
			isa = XCBuildConfiguration;
			buildSettings = {
				ALWAYS_SEARCH_USER_PATHS = NO;
				CLANG_CXX_LANGUAGE_STANDARD = "gnu++0x";
				CLANG_CXX_LIBRARY = "libc++";
				CLANG_ENABLE_MODULES = YES;
				CLANG_ENABLE_OBJC_ARC = YES;
				CLANG_WARN_BOOL_CONVERSION = YES;
				CLANG_WARN_CONSTANT_CONVERSION = YES;
				CLANG_WARN_DIRECT_OBJC_ISA_USAGE = YES_ERROR;
				CLANG_WARN_EMPTY_BODY = YES;
				CLANG_WARN_ENUM_CONVERSION = YES;
				CLANG_WARN_INT_CONVERSION = YES;
				CLANG_WARN_OBJC_ROOT_CLASS = YES_ERROR;
				CLANG_WARN__DUPLICATE_METHOD_MATCH = YES;
				"CODE_SIGN_IDENTITY[sdk=iphoneos*]" = "iPhone Developer";
				COPY_PHASE_STRIP = NO;
				GCC_C_LANGUAGE_STANDARD = gnu99;
				GCC_DYNAMIC_NO_PIC = NO;
				GCC_OPTIMIZATION_LEVEL = 0;
				GCC_PREPROCESSOR_DEFINITIONS = (
					"DEBUG=1",
					"$(inherited)",
				);
				GCC_SYMBOLS_PRIVATE_EXTERN = NO;
				GCC_WARN_64_TO_32_BIT_CONVERSION = YES;
				GCC_WARN_ABOUT_RETURN_TYPE = YES_ERROR;
				GCC_WARN_UNDECLARED_SELECTOR = YES;
				GCC_WARN_UNINITIALIZED_AUTOS = YES_AGGRESSIVE;
				GCC_WARN_UNUSED_FUNCTION = YES;
				GCC_WARN_UNUSED_VARIABLE = YES;
				IPHONEOS_DEPLOYMENT_TARGET = 7.1;
				ONLY_ACTIVE_ARCH = YES;
				SDKROOT = iphoneos;
			};
			name = Debug;
		};
		63B503EA18FB43C20017F906 /* Release */ = {
			isa = XCBuildConfiguration;
			buildSettings = {
				ALWAYS_SEARCH_USER_PATHS = NO;
				CLANG_CXX_LANGUAGE_STANDARD = "gnu++0x";
				CLANG_CXX_LIBRARY = "libc++";
				CLANG_ENABLE_MODULES = YES;
				CLANG_ENABLE_OBJC_ARC = YES;
				CLANG_WARN_BOOL_CONVERSION = YES;
				CLANG_WARN_CONSTANT_CONVERSION = YES;
				CLANG_WARN_DIRECT_OBJC_ISA_USAGE = YES_ERROR;
				CLANG_WARN_EMPTY_BODY = YES;
				CLANG_WARN_ENUM_CONVERSION = YES;
				CLANG_WARN_INT_CONVERSION = YES;
				CLANG_WARN_OBJC_ROOT_CLASS = YES_ERROR;
				CLANG_WARN__DUPLICATE_METHOD_MATCH = YES;
				"CODE_SIGN_IDENTITY[sdk=iphoneos*]" = "iPhone Developer";
				COPY_PHASE_STRIP = YES;
				ENABLE_NS_ASSERTIONS = NO;
				GCC_C_LANGUAGE_STANDARD = gnu99;
				GCC_WARN_64_TO_32_BIT_CONVERSION = YES;
				GCC_WARN_ABOUT_RETURN_TYPE = YES_ERROR;
				GCC_WARN_UNDECLARED_SELECTOR = YES;
				GCC_WARN_UNINITIALIZED_AUTOS = YES_AGGRESSIVE;
				GCC_WARN_UNUSED_FUNCTION = YES;
				GCC_WARN_UNUSED_VARIABLE = YES;
				IPHONEOS_DEPLOYMENT_TARGET = 7.1;
				SDKROOT = iphoneos;
				VALIDATE_PRODUCT = YES;
			};
			name = Release;
		};
		63B503EC18FB43C20017F906 /* Debug */ = {
			isa = XCBuildConfiguration;
			buildSettings = {
				ASSETCATALOG_COMPILER_APPICON_NAME = AppIcon;
				ASSETCATALOG_COMPILER_LAUNCHIMAGE_NAME = LaunchImage;
				FRAMEWORK_SEARCH_PATHS = (
					"$(inherited)",
					"$(PROJECT_DIR)",
				);
				GCC_PRECOMPILE_PREFIX_HEADER = YES;
				GCC_PREFIX_HEADER = "PCA-Thesis/PCA-Thesis-Prefix.pch";
				INFOPLIST_FILE = "PCA-Thesis/PCA-Thesis-Info.plist";
				PRODUCT_NAME = "$(TARGET_NAME)";
				WRAPPER_EXTENSION = app;
			};
			name = Debug;
		};
		63B503ED18FB43C20017F906 /* Release */ = {
			isa = XCBuildConfiguration;
			buildSettings = {
				ASSETCATALOG_COMPILER_APPICON_NAME = AppIcon;
				ASSETCATALOG_COMPILER_LAUNCHIMAGE_NAME = LaunchImage;
				FRAMEWORK_SEARCH_PATHS = (
					"$(inherited)",
					"$(PROJECT_DIR)",
				);
				GCC_PRECOMPILE_PREFIX_HEADER = YES;
				GCC_PREFIX_HEADER = "PCA-Thesis/PCA-Thesis-Prefix.pch";
				INFOPLIST_FILE = "PCA-Thesis/PCA-Thesis-Info.plist";
				PRODUCT_NAME = "$(TARGET_NAME)";
				WRAPPER_EXTENSION = app;
			};
			name = Release;
		};
		63B503EF18FB43C20017F906 /* Debug */ = {
			isa = XCBuildConfiguration;
			buildSettings = {
				BUNDLE_LOADER = "$(BUILT_PRODUCTS_DIR)/PCA-Thesis.app/PCA-Thesis";
				FRAMEWORK_SEARCH_PATHS = (
					"$(SDKROOT)/Developer/Library/Frameworks",
					"$(inherited)",
					"$(DEVELOPER_FRAMEWORKS_DIR)",
				);
				GCC_PRECOMPILE_PREFIX_HEADER = YES;
				GCC_PREFIX_HEADER = "PCA-Thesis/PCA-Thesis-Prefix.pch";
				GCC_PREPROCESSOR_DEFINITIONS = (
					"DEBUG=1",
					"$(inherited)",
				);
				INFOPLIST_FILE = "PCA-ThesisTests/PCA-ThesisTests-Info.plist";
				PRODUCT_NAME = "$(TARGET_NAME)";
				TEST_HOST = "$(BUNDLE_LOADER)";
				WRAPPER_EXTENSION = xctest;
			};
			name = Debug;
		};
		63B503F018FB43C20017F906 /* Release */ = {
			isa = XCBuildConfiguration;
			buildSettings = {
				BUNDLE_LOADER = "$(BUILT_PRODUCTS_DIR)/PCA-Thesis.app/PCA-Thesis";
				FRAMEWORK_SEARCH_PATHS = (
					"$(SDKROOT)/Developer/Library/Frameworks",
					"$(inherited)",
					"$(DEVELOPER_FRAMEWORKS_DIR)",
				);
				GCC_PRECOMPILE_PREFIX_HEADER = YES;
				GCC_PREFIX_HEADER = "PCA-Thesis/PCA-Thesis-Prefix.pch";
				INFOPLIST_FILE = "PCA-ThesisTests/PCA-ThesisTests-Info.plist";
				PRODUCT_NAME = "$(TARGET_NAME)";
				TEST_HOST = "$(BUNDLE_LOADER)";
				WRAPPER_EXTENSION = xctest;
			};
			name = Release;
		};
/* End XCBuildConfiguration section */

/* Begin XCConfigurationList section */
		63B503B418FB43C20017F906 /* Build configuration list for PBXProject "PCA-Thesis" */ = {
			isa = XCConfigurationList;
			buildConfigurations = (
				63B503E918FB43C20017F906 /* Debug */,
				63B503EA18FB43C20017F906 /* Release */,
			);
			defaultConfigurationIsVisible = 0;
			defaultConfigurationName = Release;
		};
		63B503EB18FB43C20017F906 /* Build configuration list for PBXNativeTarget "PCA-Thesis" */ = {
			isa = XCConfigurationList;
			buildConfigurations = (
				63B503EC18FB43C20017F906 /* Debug */,
				63B503ED18FB43C20017F906 /* Release */,
			);
			defaultConfigurationIsVisible = 0;
			defaultConfigurationName = Release;
		};
		63B503EE18FB43C20017F906 /* Build configuration list for PBXNativeTarget "PCA-ThesisTests" */ = {
			isa = XCConfigurationList;
			buildConfigurations = (
				63B503EF18FB43C20017F906 /* Debug */,
				63B503F018FB43C20017F906 /* Release */,
			);
			defaultConfigurationIsVisible = 0;
			defaultConfigurationName = Release;
		};
/* End XCConfigurationList section */
	};
	rootObject = 63B503B118FB43C20017F906 /* Project object */;
}
