// !$*UTF8*$!
{
	archiveVersion = 1;
	classes = {
	};
	objectVersion = 46;
	objects = {

/* Begin PBXAggregateTarget section */
		63AA0C2F19CC8AEB00C05C97 /* Documentation */ = {
			isa = PBXAggregateTarget;
			buildConfigurationList = 63AA0C3619CC8AEB00C05C97 /* Build configuration list for PBXAggregateTarget "Documentation" */;
			buildPhases = (
				63AA0C3719CC8B0800C05C97 /* ShellScript */,
			);
			dependencies = (
			);
			name = Documentation;
			productName = Documentation;
		};
/* End PBXAggregateTarget section */

/* Begin PBXBuildFile section */
		63166DFC197C56FB006D78D2 /* PCASignupViewController.m in Sources */ = {isa = PBXBuildFile; fileRef = 63166DFB197C56FB006D78D2 /* PCASignupViewController.m */; };
		63166DFF197C719B006D78D2 /* TPKeyboardAvoidingScrollView.m in Sources */ = {isa = PBXBuildFile; fileRef = 63166DFE197C719B006D78D2 /* TPKeyboardAvoidingScrollView.m */; };
		63166E07197C722B006D78D2 /* TPKeyboardAvoidingCollectionView.m in Sources */ = {isa = PBXBuildFile; fileRef = 63166E02197C722B006D78D2 /* TPKeyboardAvoidingCollectionView.m */; };
		63166E08197C722B006D78D2 /* TPKeyboardAvoidingTableView.m in Sources */ = {isa = PBXBuildFile; fileRef = 63166E04197C722B006D78D2 /* TPKeyboardAvoidingTableView.m */; };
		63166E09197C722B006D78D2 /* UIScrollView+TPKeyboardAvoidingAdditions.m in Sources */ = {isa = PBXBuildFile; fileRef = 63166E06197C722B006D78D2 /* UIScrollView+TPKeyboardAvoidingAdditions.m */; };
		632E4E62197E1A2A00326376 /* PCAMainViewController.m in Sources */ = {isa = PBXBuildFile; fileRef = 632E4E61197E1A2A00326376 /* PCAMainViewController.m */; };
		63438E5B19AA7AA500C25DC5 /* PCADefinitions.m in Sources */ = {isa = PBXBuildFile; fileRef = 63438E5A19AA7AA500C25DC5 /* PCADefinitions.m */; };
		6370E70B19B9454F00BDE59F /* .gitignore in Resources */ = {isa = PBXBuildFile; fileRef = 6370E6B519B9454F00BDE59F /* .gitignore */; };
		6370E70C19B9454F00BDE59F /* Address.m in Sources */ = {isa = PBXBuildFile; fileRef = 6370E6B819B9454F00BDE59F /* Address.m */; };
		6370E70D19B9454F00BDE59F /* Catalyze.m in Sources */ = {isa = PBXBuildFile; fileRef = 6370E6BB19B9454F00BDE59F /* Catalyze.m */; };
		6370E70E19B9454F00BDE59F /* CatalyzeEntry.m in Sources */ = {isa = PBXBuildFile; fileRef = 6370E6BE19B9454F00BDE59F /* CatalyzeEntry.m */; };
		6370E70F19B9454F00BDE59F /* CatalyzeFileManager.m in Sources */ = {isa = PBXBuildFile; fileRef = 6370E6C019B9454F00BDE59F /* CatalyzeFileManager.m */; };
		6370E71019B9454F00BDE59F /* CatalyzeHTTPManager.m in Sources */ = {isa = PBXBuildFile; fileRef = 6370E6C219B9454F00BDE59F /* CatalyzeHTTPManager.m */; };
		6370E71119B9454F00BDE59F /* CatalyzeObject.m in Sources */ = {isa = PBXBuildFile; fileRef = 6370E6C419B9454F00BDE59F /* CatalyzeObject.m */; };
		6370E71219B9454F00BDE59F /* CatalyzeQuery.m in Sources */ = {isa = PBXBuildFile; fileRef = 6370E6C719B9454F00BDE59F /* CatalyzeQuery.m */; };
		6370E71319B9454F00BDE59F /* CatalyzeReference.m in Sources */ = {isa = PBXBuildFile; fileRef = 6370E6C919B9454F00BDE59F /* CatalyzeReference.m */; };
		6370E71419B9454F00BDE59F /* CatalyzeUser.m in Sources */ = {isa = PBXBuildFile; fileRef = 6370E6CB19B9454F00BDE59F /* CatalyzeUser.m */; };
		6370E71519B9454F00BDE59F /* Email.m in Sources */ = {isa = PBXBuildFile; fileRef = 6370E6CD19B9454F00BDE59F /* Email.m */; };
		6370E71619B9454F00BDE59F /* Geocode.m in Sources */ = {isa = PBXBuildFile; fileRef = 6370E6CF19B9454F00BDE59F /* Geocode.m */; };
		6370E71719B9454F00BDE59F /* Guardian.m in Sources */ = {isa = PBXBuildFile; fileRef = 6370E6D119B9454F00BDE59F /* Guardian.m */; };
		6370E71819B9454F00BDE59F /* HealthPlan.m in Sources */ = {isa = PBXBuildFile; fileRef = 6370E6D319B9454F00BDE59F /* HealthPlan.m */; };
		6370E71919B9454F00BDE59F /* JSONObject.m in Sources */ = {isa = PBXBuildFile; fileRef = 6370E6D519B9454F00BDE59F /* JSONObject.m */; };
		6370E71A19B9454F00BDE59F /* Language.m in Sources */ = {isa = PBXBuildFile; fileRef = 6370E6D719B9454F00BDE59F /* Language.m */; };
		6370E71B19B9454F00BDE59F /* AFNetworkActivityLogger.m in Sources */ = {isa = PBXBuildFile; fileRef = 6370E6DB19B9454F00BDE59F /* AFNetworkActivityLogger.m */; };
		6370E71C19B9454F00BDE59F /* AFHTTPRequestOperation.m in Sources */ = {isa = PBXBuildFile; fileRef = 6370E6DE19B9454F00BDE59F /* AFHTTPRequestOperation.m */; };
		6370E71D19B9454F00BDE59F /* AFHTTPRequestOperationManager.m in Sources */ = {isa = PBXBuildFile; fileRef = 6370E6E019B9454F00BDE59F /* AFHTTPRequestOperationManager.m */; };
		6370E71E19B9454F00BDE59F /* AFHTTPSessionManager.m in Sources */ = {isa = PBXBuildFile; fileRef = 6370E6E219B9454F00BDE59F /* AFHTTPSessionManager.m */; };
		6370E71F19B9454F00BDE59F /* AFNetworkReachabilityManager.m in Sources */ = {isa = PBXBuildFile; fileRef = 6370E6E519B9454F00BDE59F /* AFNetworkReachabilityManager.m */; };
		6370E72019B9454F00BDE59F /* AFSecurityPolicy.m in Sources */ = {isa = PBXBuildFile; fileRef = 6370E6E719B9454F00BDE59F /* AFSecurityPolicy.m */; };
		6370E72119B9454F00BDE59F /* AFURLConnectionOperation.m in Sources */ = {isa = PBXBuildFile; fileRef = 6370E6E919B9454F00BDE59F /* AFURLConnectionOperation.m */; };
		6370E72219B9454F00BDE59F /* AFURLRequestSerialization.m in Sources */ = {isa = PBXBuildFile; fileRef = 6370E6EB19B9454F00BDE59F /* AFURLRequestSerialization.m */; };
		6370E72319B9454F00BDE59F /* AFURLResponseSerialization.m in Sources */ = {isa = PBXBuildFile; fileRef = 6370E6ED19B9454F00BDE59F /* AFURLResponseSerialization.m */; };
		6370E72419B9454F00BDE59F /* AFURLSessionManager.m in Sources */ = {isa = PBXBuildFile; fileRef = 6370E6EF19B9454F00BDE59F /* AFURLSessionManager.m */; };
		6370E72519B9454F00BDE59F /* Mrn.m in Sources */ = {isa = PBXBuildFile; fileRef = 6370E6F119B9454F00BDE59F /* Mrn.m */; };
		6370E72619B9454F00BDE59F /* Name.m in Sources */ = {isa = PBXBuildFile; fileRef = 6370E6F319B9454F00BDE59F /* Name.m */; };
		6370E72719B9454F00BDE59F /* NSObject+Properties.m in Sources */ = {isa = PBXBuildFile; fileRef = 6370E6F519B9454F00BDE59F /* NSObject+Properties.m */; };
		6370E72819B9454F00BDE59F /* PhoneNumber.m in Sources */ = {isa = PBXBuildFile; fileRef = 6370E6F719B9454F00BDE59F /* PhoneNumber.m */; };
		6370E72919B9454F00BDE59F /* SocialId.m in Sources */ = {isa = PBXBuildFile; fileRef = 6370E6F919B9454F00BDE59F /* SocialId.m */; };
		6370E73219B9454F00BDE59F /* catalyze-ios-sdk.podspec in Resources */ = {isa = PBXBuildFile; fileRef = 6370E70519B9454F00BDE59F /* catalyze-ios-sdk.podspec */; };
		6370E73319B9454F00BDE59F /* LICENSE in Resources */ = {isa = PBXBuildFile; fileRef = 6370E70919B9454F00BDE59F /* LICENSE */; };
		6370E73419B9454F00BDE59F /* README.md in Resources */ = {isa = PBXBuildFile; fileRef = 6370E70A19B9454F00BDE59F /* README.md */; };
		63B503BD18FB43C20017F906 /* Foundation.framework in Frameworks */ = {isa = PBXBuildFile; fileRef = 63B503BC18FB43C20017F906 /* Foundation.framework */; };
		63B503BF18FB43C20017F906 /* CoreGraphics.framework in Frameworks */ = {isa = PBXBuildFile; fileRef = 63B503BE18FB43C20017F906 /* CoreGraphics.framework */; };
		63B503C118FB43C20017F906 /* UIKit.framework in Frameworks */ = {isa = PBXBuildFile; fileRef = 63B503C018FB43C20017F906 /* UIKit.framework */; };
		63B503C718FB43C20017F906 /* InfoPlist.strings in Resources */ = {isa = PBXBuildFile; fileRef = 63B503C518FB43C20017F906 /* InfoPlist.strings */; };
		63B503C918FB43C20017F906 /* main.m in Sources */ = {isa = PBXBuildFile; fileRef = 63B503C818FB43C20017F906 /* main.m */; };
		63B503CD18FB43C20017F906 /* PCAAppDelegate.m in Sources */ = {isa = PBXBuildFile; fileRef = 63B503CC18FB43C20017F906 /* PCAAppDelegate.m */; };
		63B503D018FB43C20017F906 /* Main.storyboard in Resources */ = {isa = PBXBuildFile; fileRef = 63B503CE18FB43C20017F906 /* Main.storyboard */; };
		63B503D318FB43C20017F906 /* PCALoginViewController.m in Sources */ = {isa = PBXBuildFile; fileRef = 63B503D218FB43C20017F906 /* PCALoginViewController.m */; };
		63B503D518FB43C20017F906 /* Images.xcassets in Resources */ = {isa = PBXBuildFile; fileRef = 63B503D418FB43C20017F906 /* Images.xcassets */; };
		63B503DC18FB43C20017F906 /* XCTest.framework in Frameworks */ = {isa = PBXBuildFile; fileRef = 63B503DB18FB43C20017F906 /* XCTest.framework */; };
		63B503DD18FB43C20017F906 /* Foundation.framework in Frameworks */ = {isa = PBXBuildFile; fileRef = 63B503BC18FB43C20017F906 /* Foundation.framework */; };
		63B503DE18FB43C20017F906 /* UIKit.framework in Frameworks */ = {isa = PBXBuildFile; fileRef = 63B503C018FB43C20017F906 /* UIKit.framework */; };
		63B503E618FB43C20017F906 /* InfoPlist.strings in Resources */ = {isa = PBXBuildFile; fileRef = 63B503E418FB43C20017F906 /* InfoPlist.strings */; };
		63B503E818FB43C20017F906 /* PCA_ThesisTests.m in Sources */ = {isa = PBXBuildFile; fileRef = 63B503E718FB43C20017F906 /* PCA_ThesisTests.m */; };
		63BE8D46196BA3C300B20BD9 /* AudioToolbox.framework in Frameworks */ = {isa = PBXBuildFile; fileRef = 63BE8D45196BA3C300B20BD9 /* AudioToolbox.framework */; };
		63BE8D48196BA3CB00B20BD9 /* CFNetwork.framework in Frameworks */ = {isa = PBXBuildFile; fileRef = 63BE8D47196BA3CB00B20BD9 /* CFNetwork.framework */; };
		63BE8D4A196BA3D700B20BD9 /* CoreLocation.framework in Frameworks */ = {isa = PBXBuildFile; fileRef = 63BE8D49196BA3D700B20BD9 /* CoreLocation.framework */; };
		63BE8D4C196BA3DF00B20BD9 /* libz.dylib in Frameworks */ = {isa = PBXBuildFile; fileRef = 63BE8D4B196BA3DF00B20BD9 /* libz.dylib */; };
		63BE8D4E196BA3E500B20BD9 /* MobileCoreServices.framework in Frameworks */ = {isa = PBXBuildFile; fileRef = 63BE8D4D196BA3E500B20BD9 /* MobileCoreServices.framework */; };
		63BE8D50196BA3EB00B20BD9 /* QuartzCore.framework in Frameworks */ = {isa = PBXBuildFile; fileRef = 63BE8D4F196BA3EB00B20BD9 /* QuartzCore.framework */; };
		63BE8D52196BA3F000B20BD9 /* Security.framework in Frameworks */ = {isa = PBXBuildFile; fileRef = 63BE8D51196BA3F000B20BD9 /* Security.framework */; };
		63BE8D54196BA3F500B20BD9 /* StoreKit.framework in Frameworks */ = {isa = PBXBuildFile; fileRef = 63BE8D53196BA3F500B20BD9 /* StoreKit.framework */; };
		63BE8D56196BA3FC00B20BD9 /* SystemConfiguration.framework in Frameworks */ = {isa = PBXBuildFile; fileRef = 63BE8D55196BA3FC00B20BD9 /* SystemConfiguration.framework */; };
		63DE728C19AE3742001AA9B9 /* PCAPatientTableViewController.m in Sources */ = {isa = PBXBuildFile; fileRef = 63DE728B19AE3742001AA9B9 /* PCAPatientTableViewController.m */; };
		63DF0CC219CF7AFD005814BA /* PCAAllDoneViewController.m in Sources */ = {isa = PBXBuildFile; fileRef = 63DF0CC119CF7AFD005814BA /* PCAAllDoneViewController.m */; };
/* End PBXBuildFile section */

/* Begin PBXContainerItemProxy section */
		6370E73919B9454F00BDE59F /* PBXContainerItemProxy */ = {
			isa = PBXContainerItemProxy;
			containerPortal = 6370E70619B9454F00BDE59F /* catalyze-ios-sdk.xcodeproj */;
			proxyType = 2;
			remoteGlobalIDString = 27B9C24817CBB9B500B8FA02;
			remoteInfo = "catalyze-ios-sdk";
		};
		6370E73B19B9454F00BDE59F /* PBXContainerItemProxy */ = {
			isa = PBXContainerItemProxy;
			containerPortal = 6370E70619B9454F00BDE59F /* catalyze-ios-sdk.xcodeproj */;
			proxyType = 2;
			remoteGlobalIDString = 2756595E18DFF2FB00C3D5D1;
			remoteInfo = CatalyzeSDK;
		};
		6370E73D19B9454F00BDE59F /* PBXContainerItemProxy */ = {
			isa = PBXContainerItemProxy;
			containerPortal = 6370E70619B9454F00BDE59F /* catalyze-ios-sdk.xcodeproj */;
			proxyType = 2;
			remoteGlobalIDString = 27714B2B19A3E43D00D8EE73;
			remoteInfo = "catalyze-ios-sdk Tests";
		};
		63B503DF18FB43C20017F906 /* PBXContainerItemProxy */ = {
			isa = PBXContainerItemProxy;
			containerPortal = 63B503B118FB43C20017F906 /* Project object */;
			proxyType = 1;
			remoteGlobalIDString = 63B503B818FB43C20017F906;
			remoteInfo = "PCA-Thesis";
		};
/* End PBXContainerItemProxy section */

/* Begin PBXFileReference section */
		63166DFA197C56FB006D78D2 /* PCASignupViewController.h */ = {isa = PBXFileReference; fileEncoding = 4; lastKnownFileType = sourcecode.c.h; path = PCASignupViewController.h; sourceTree = "<group>"; };
		63166DFB197C56FB006D78D2 /* PCASignupViewController.m */ = {isa = PBXFileReference; fileEncoding = 4; lastKnownFileType = sourcecode.c.objc; path = PCASignupViewController.m; sourceTree = "<group>"; };
		63166DFD197C719B006D78D2 /* TPKeyboardAvoidingScrollView.h */ = {isa = PBXFileReference; fileEncoding = 4; lastKnownFileType = sourcecode.c.h; name = TPKeyboardAvoidingScrollView.h; path = TPKeyboardAvoiding/TPKeyboardAvoiding/TPKeyboardAvoiding/TPKeyboardAvoidingScrollView.h; sourceTree = "<group>"; };
		63166DFE197C719B006D78D2 /* TPKeyboardAvoidingScrollView.m */ = {isa = PBXFileReference; fileEncoding = 4; lastKnownFileType = sourcecode.c.objc; name = TPKeyboardAvoidingScrollView.m; path = TPKeyboardAvoiding/TPKeyboardAvoiding/TPKeyboardAvoiding/TPKeyboardAvoidingScrollView.m; sourceTree = "<group>"; };
		63166E01197C722B006D78D2 /* TPKeyboardAvoidingCollectionView.h */ = {isa = PBXFileReference; fileEncoding = 4; lastKnownFileType = sourcecode.c.h; name = TPKeyboardAvoidingCollectionView.h; path = TPKeyboardAvoiding/TPKeyboardAvoiding/TPKeyboardAvoiding/TPKeyboardAvoidingCollectionView.h; sourceTree = "<group>"; };
		63166E02197C722B006D78D2 /* TPKeyboardAvoidingCollectionView.m */ = {isa = PBXFileReference; fileEncoding = 4; lastKnownFileType = sourcecode.c.objc; name = TPKeyboardAvoidingCollectionView.m; path = TPKeyboardAvoiding/TPKeyboardAvoiding/TPKeyboardAvoiding/TPKeyboardAvoidingCollectionView.m; sourceTree = "<group>"; };
		63166E03197C722B006D78D2 /* TPKeyboardAvoidingTableView.h */ = {isa = PBXFileReference; fileEncoding = 4; lastKnownFileType = sourcecode.c.h; name = TPKeyboardAvoidingTableView.h; path = TPKeyboardAvoiding/TPKeyboardAvoiding/TPKeyboardAvoiding/TPKeyboardAvoidingTableView.h; sourceTree = "<group>"; };
		63166E04197C722B006D78D2 /* TPKeyboardAvoidingTableView.m */ = {isa = PBXFileReference; fileEncoding = 4; lastKnownFileType = sourcecode.c.objc; name = TPKeyboardAvoidingTableView.m; path = TPKeyboardAvoiding/TPKeyboardAvoiding/TPKeyboardAvoiding/TPKeyboardAvoidingTableView.m; sourceTree = "<group>"; };
		63166E05197C722B006D78D2 /* UIScrollView+TPKeyboardAvoidingAdditions.h */ = {isa = PBXFileReference; fileEncoding = 4; lastKnownFileType = sourcecode.c.h; name = "UIScrollView+TPKeyboardAvoidingAdditions.h"; path = "TPKeyboardAvoiding/TPKeyboardAvoiding/TPKeyboardAvoiding/UIScrollView+TPKeyboardAvoidingAdditions.h"; sourceTree = "<group>"; };
		63166E06197C722B006D78D2 /* UIScrollView+TPKeyboardAvoidingAdditions.m */ = {isa = PBXFileReference; fileEncoding = 4; lastKnownFileType = sourcecode.c.objc; name = "UIScrollView+TPKeyboardAvoidingAdditions.m"; path = "TPKeyboardAvoiding/TPKeyboardAvoiding/TPKeyboardAvoiding/UIScrollView+TPKeyboardAvoidingAdditions.m"; sourceTree = "<group>"; };
		632E4E60197E1A2A00326376 /* PCAMainViewController.h */ = {isa = PBXFileReference; fileEncoding = 4; lastKnownFileType = sourcecode.c.h; path = PCAMainViewController.h; sourceTree = "<group>"; };
		632E4E61197E1A2A00326376 /* PCAMainViewController.m */ = {isa = PBXFileReference; fileEncoding = 4; lastKnownFileType = sourcecode.c.objc; path = PCAMainViewController.m; sourceTree = "<group>"; };
		63438E5919AA7AA500C25DC5 /* PCADefinitions.h */ = {isa = PBXFileReference; fileEncoding = 4; lastKnownFileType = sourcecode.c.h; path = PCADefinitions.h; sourceTree = "<group>"; };
		63438E5A19AA7AA500C25DC5 /* PCADefinitions.m */ = {isa = PBXFileReference; fileEncoding = 4; lastKnownFileType = sourcecode.c.objc; path = PCADefinitions.m; sourceTree = "<group>"; };
		6370E6B519B9454F00BDE59F /* .gitignore */ = {isa = PBXFileReference; fileEncoding = 4; lastKnownFileType = text; path = .gitignore; sourceTree = "<group>"; };
		6370E6B719B9454F00BDE59F /* Address.h */ = {isa = PBXFileReference; fileEncoding = 4; lastKnownFileType = sourcecode.c.h; path = Address.h; sourceTree = "<group>"; };
		6370E6B819B9454F00BDE59F /* Address.m */ = {isa = PBXFileReference; fileEncoding = 4; lastKnownFileType = sourcecode.c.objc; path = Address.m; sourceTree = "<group>"; };
		6370E6B919B9454F00BDE59F /* catalyze-ios-sdk-Prefix.pch */ = {isa = PBXFileReference; fileEncoding = 4; lastKnownFileType = sourcecode.c.h; path = "catalyze-ios-sdk-Prefix.pch"; sourceTree = "<group>"; };
		6370E6BA19B9454F00BDE59F /* Catalyze.h */ = {isa = PBXFileReference; fileEncoding = 4; lastKnownFileType = sourcecode.c.h; path = Catalyze.h; sourceTree = "<group>"; };
		6370E6BB19B9454F00BDE59F /* Catalyze.m */ = {isa = PBXFileReference; fileEncoding = 4; lastKnownFileType = sourcecode.c.objc; path = Catalyze.m; sourceTree = "<group>"; };
		6370E6BC19B9454F00BDE59F /* CatalyzeConstants.h */ = {isa = PBXFileReference; fileEncoding = 4; lastKnownFileType = sourcecode.c.h; path = CatalyzeConstants.h; sourceTree = "<group>"; };
		6370E6BD19B9454F00BDE59F /* CatalyzeEntry.h */ = {isa = PBXFileReference; fileEncoding = 4; lastKnownFileType = sourcecode.c.h; path = CatalyzeEntry.h; sourceTree = "<group>"; };
		6370E6BE19B9454F00BDE59F /* CatalyzeEntry.m */ = {isa = PBXFileReference; fileEncoding = 4; lastKnownFileType = sourcecode.c.objc; path = CatalyzeEntry.m; sourceTree = "<group>"; };
		6370E6BF19B9454F00BDE59F /* CatalyzeFileManager.h */ = {isa = PBXFileReference; fileEncoding = 4; lastKnownFileType = sourcecode.c.h; path = CatalyzeFileManager.h; sourceTree = "<group>"; };
		6370E6C019B9454F00BDE59F /* CatalyzeFileManager.m */ = {isa = PBXFileReference; fileEncoding = 4; lastKnownFileType = sourcecode.c.objc; path = CatalyzeFileManager.m; sourceTree = "<group>"; };
		6370E6C119B9454F00BDE59F /* CatalyzeHTTPManager.h */ = {isa = PBXFileReference; fileEncoding = 4; lastKnownFileType = sourcecode.c.h; path = CatalyzeHTTPManager.h; sourceTree = "<group>"; };
		6370E6C219B9454F00BDE59F /* CatalyzeHTTPManager.m */ = {isa = PBXFileReference; fileEncoding = 4; lastKnownFileType = sourcecode.c.objc; path = CatalyzeHTTPManager.m; sourceTree = "<group>"; };
		6370E6C319B9454F00BDE59F /* CatalyzeObject.h */ = {isa = PBXFileReference; fileEncoding = 4; lastKnownFileType = sourcecode.c.h; path = CatalyzeObject.h; sourceTree = "<group>"; };
		6370E6C419B9454F00BDE59F /* CatalyzeObject.m */ = {isa = PBXFileReference; fileEncoding = 4; lastKnownFileType = sourcecode.c.objc; path = CatalyzeObject.m; sourceTree = "<group>"; };
		6370E6C519B9454F00BDE59F /* CatalyzeObjectProtocol.h */ = {isa = PBXFileReference; fileEncoding = 4; lastKnownFileType = sourcecode.c.h; path = CatalyzeObjectProtocol.h; sourceTree = "<group>"; };
		6370E6C619B9454F00BDE59F /* CatalyzeQuery.h */ = {isa = PBXFileReference; fileEncoding = 4; lastKnownFileType = sourcecode.c.h; path = CatalyzeQuery.h; sourceTree = "<group>"; };
		6370E6C719B9454F00BDE59F /* CatalyzeQuery.m */ = {isa = PBXFileReference; fileEncoding = 4; lastKnownFileType = sourcecode.c.objc; path = CatalyzeQuery.m; sourceTree = "<group>"; };
		6370E6C819B9454F00BDE59F /* CatalyzeReference.h */ = {isa = PBXFileReference; fileEncoding = 4; lastKnownFileType = sourcecode.c.h; path = CatalyzeReference.h; sourceTree = "<group>"; };
		6370E6C919B9454F00BDE59F /* CatalyzeReference.m */ = {isa = PBXFileReference; fileEncoding = 4; lastKnownFileType = sourcecode.c.objc; path = CatalyzeReference.m; sourceTree = "<group>"; };
		6370E6CA19B9454F00BDE59F /* CatalyzeUser.h */ = {isa = PBXFileReference; fileEncoding = 4; lastKnownFileType = sourcecode.c.h; path = CatalyzeUser.h; sourceTree = "<group>"; };
		6370E6CB19B9454F00BDE59F /* CatalyzeUser.m */ = {isa = PBXFileReference; fileEncoding = 4; lastKnownFileType = sourcecode.c.objc; path = CatalyzeUser.m; sourceTree = "<group>"; };
		6370E6CC19B9454F00BDE59F /* Email.h */ = {isa = PBXFileReference; fileEncoding = 4; lastKnownFileType = sourcecode.c.h; path = Email.h; sourceTree = "<group>"; };
		6370E6CD19B9454F00BDE59F /* Email.m */ = {isa = PBXFileReference; fileEncoding = 4; lastKnownFileType = sourcecode.c.objc; path = Email.m; sourceTree = "<group>"; };
		6370E6CE19B9454F00BDE59F /* Geocode.h */ = {isa = PBXFileReference; fileEncoding = 4; lastKnownFileType = sourcecode.c.h; path = Geocode.h; sourceTree = "<group>"; };
		6370E6CF19B9454F00BDE59F /* Geocode.m */ = {isa = PBXFileReference; fileEncoding = 4; lastKnownFileType = sourcecode.c.objc; path = Geocode.m; sourceTree = "<group>"; };
		6370E6D019B9454F00BDE59F /* Guardian.h */ = {isa = PBXFileReference; fileEncoding = 4; lastKnownFileType = sourcecode.c.h; path = Guardian.h; sourceTree = "<group>"; };
		6370E6D119B9454F00BDE59F /* Guardian.m */ = {isa = PBXFileReference; fileEncoding = 4; lastKnownFileType = sourcecode.c.objc; path = Guardian.m; sourceTree = "<group>"; };
		6370E6D219B9454F00BDE59F /* HealthPlan.h */ = {isa = PBXFileReference; fileEncoding = 4; lastKnownFileType = sourcecode.c.h; path = HealthPlan.h; sourceTree = "<group>"; };
		6370E6D319B9454F00BDE59F /* HealthPlan.m */ = {isa = PBXFileReference; fileEncoding = 4; lastKnownFileType = sourcecode.c.objc; path = HealthPlan.m; sourceTree = "<group>"; };
		6370E6D419B9454F00BDE59F /* JSONObject.h */ = {isa = PBXFileReference; fileEncoding = 4; lastKnownFileType = sourcecode.c.h; path = JSONObject.h; sourceTree = "<group>"; };
		6370E6D519B9454F00BDE59F /* JSONObject.m */ = {isa = PBXFileReference; fileEncoding = 4; lastKnownFileType = sourcecode.c.objc; path = JSONObject.m; sourceTree = "<group>"; };
		6370E6D619B9454F00BDE59F /* Language.h */ = {isa = PBXFileReference; fileEncoding = 4; lastKnownFileType = sourcecode.c.h; path = Language.h; sourceTree = "<group>"; };
		6370E6D719B9454F00BDE59F /* Language.m */ = {isa = PBXFileReference; fileEncoding = 4; lastKnownFileType = sourcecode.c.objc; path = Language.m; sourceTree = "<group>"; };
		6370E6DA19B9454F00BDE59F /* AFNetworkActivityLogger.h */ = {isa = PBXFileReference; fileEncoding = 4; lastKnownFileType = sourcecode.c.h; path = AFNetworkActivityLogger.h; sourceTree = "<group>"; };
		6370E6DB19B9454F00BDE59F /* AFNetworkActivityLogger.m */ = {isa = PBXFileReference; fileEncoding = 4; lastKnownFileType = sourcecode.c.objc; path = AFNetworkActivityLogger.m; sourceTree = "<group>"; };
		6370E6DD19B9454F00BDE59F /* AFHTTPRequestOperation.h */ = {isa = PBXFileReference; fileEncoding = 4; lastKnownFileType = sourcecode.c.h; path = AFHTTPRequestOperation.h; sourceTree = "<group>"; };
		6370E6DE19B9454F00BDE59F /* AFHTTPRequestOperation.m */ = {isa = PBXFileReference; fileEncoding = 4; lastKnownFileType = sourcecode.c.objc; path = AFHTTPRequestOperation.m; sourceTree = "<group>"; };
		6370E6DF19B9454F00BDE59F /* AFHTTPRequestOperationManager.h */ = {isa = PBXFileReference; fileEncoding = 4; lastKnownFileType = sourcecode.c.h; path = AFHTTPRequestOperationManager.h; sourceTree = "<group>"; };
		6370E6E019B9454F00BDE59F /* AFHTTPRequestOperationManager.m */ = {isa = PBXFileReference; fileEncoding = 4; lastKnownFileType = sourcecode.c.objc; path = AFHTTPRequestOperationManager.m; sourceTree = "<group>"; };
		6370E6E119B9454F00BDE59F /* AFHTTPSessionManager.h */ = {isa = PBXFileReference; fileEncoding = 4; lastKnownFileType = sourcecode.c.h; path = AFHTTPSessionManager.h; sourceTree = "<group>"; };
		6370E6E219B9454F00BDE59F /* AFHTTPSessionManager.m */ = {isa = PBXFileReference; fileEncoding = 4; lastKnownFileType = sourcecode.c.objc; path = AFHTTPSessionManager.m; sourceTree = "<group>"; };
		6370E6E319B9454F00BDE59F /* AFNetworking.h */ = {isa = PBXFileReference; fileEncoding = 4; lastKnownFileType = sourcecode.c.h; path = AFNetworking.h; sourceTree = "<group>"; };
		6370E6E419B9454F00BDE59F /* AFNetworkReachabilityManager.h */ = {isa = PBXFileReference; fileEncoding = 4; lastKnownFileType = sourcecode.c.h; path = AFNetworkReachabilityManager.h; sourceTree = "<group>"; };
		6370E6E519B9454F00BDE59F /* AFNetworkReachabilityManager.m */ = {isa = PBXFileReference; fileEncoding = 4; lastKnownFileType = sourcecode.c.objc; path = AFNetworkReachabilityManager.m; sourceTree = "<group>"; };
		6370E6E619B9454F00BDE59F /* AFSecurityPolicy.h */ = {isa = PBXFileReference; fileEncoding = 4; lastKnownFileType = sourcecode.c.h; path = AFSecurityPolicy.h; sourceTree = "<group>"; };
		6370E6E719B9454F00BDE59F /* AFSecurityPolicy.m */ = {isa = PBXFileReference; fileEncoding = 4; lastKnownFileType = sourcecode.c.objc; path = AFSecurityPolicy.m; sourceTree = "<group>"; };
		6370E6E819B9454F00BDE59F /* AFURLConnectionOperation.h */ = {isa = PBXFileReference; fileEncoding = 4; lastKnownFileType = sourcecode.c.h; path = AFURLConnectionOperation.h; sourceTree = "<group>"; };
		6370E6E919B9454F00BDE59F /* AFURLConnectionOperation.m */ = {isa = PBXFileReference; fileEncoding = 4; lastKnownFileType = sourcecode.c.objc; path = AFURLConnectionOperation.m; sourceTree = "<group>"; };
		6370E6EA19B9454F00BDE59F /* AFURLRequestSerialization.h */ = {isa = PBXFileReference; fileEncoding = 4; lastKnownFileType = sourcecode.c.h; path = AFURLRequestSerialization.h; sourceTree = "<group>"; };
		6370E6EB19B9454F00BDE59F /* AFURLRequestSerialization.m */ = {isa = PBXFileReference; fileEncoding = 4; lastKnownFileType = sourcecode.c.objc; path = AFURLRequestSerialization.m; sourceTree = "<group>"; };
		6370E6EC19B9454F00BDE59F /* AFURLResponseSerialization.h */ = {isa = PBXFileReference; fileEncoding = 4; lastKnownFileType = sourcecode.c.h; path = AFURLResponseSerialization.h; sourceTree = "<group>"; };
		6370E6ED19B9454F00BDE59F /* AFURLResponseSerialization.m */ = {isa = PBXFileReference; fileEncoding = 4; lastKnownFileType = sourcecode.c.objc; path = AFURLResponseSerialization.m; sourceTree = "<group>"; };
		6370E6EE19B9454F00BDE59F /* AFURLSessionManager.h */ = {isa = PBXFileReference; fileEncoding = 4; lastKnownFileType = sourcecode.c.h; path = AFURLSessionManager.h; sourceTree = "<group>"; };
		6370E6EF19B9454F00BDE59F /* AFURLSessionManager.m */ = {isa = PBXFileReference; fileEncoding = 4; lastKnownFileType = sourcecode.c.objc; path = AFURLSessionManager.m; sourceTree = "<group>"; };
		6370E6F019B9454F00BDE59F /* Mrn.h */ = {isa = PBXFileReference; fileEncoding = 4; lastKnownFileType = sourcecode.c.h; path = Mrn.h; sourceTree = "<group>"; };
		6370E6F119B9454F00BDE59F /* Mrn.m */ = {isa = PBXFileReference; fileEncoding = 4; lastKnownFileType = sourcecode.c.objc; path = Mrn.m; sourceTree = "<group>"; };
		6370E6F219B9454F00BDE59F /* Name.h */ = {isa = PBXFileReference; fileEncoding = 4; lastKnownFileType = sourcecode.c.h; path = Name.h; sourceTree = "<group>"; };
		6370E6F319B9454F00BDE59F /* Name.m */ = {isa = PBXFileReference; fileEncoding = 4; lastKnownFileType = sourcecode.c.objc; path = Name.m; sourceTree = "<group>"; };
		6370E6F419B9454F00BDE59F /* NSObject+Properties.h */ = {isa = PBXFileReference; fileEncoding = 4; lastKnownFileType = sourcecode.c.h; path = "NSObject+Properties.h"; sourceTree = "<group>"; };
		6370E6F519B9454F00BDE59F /* NSObject+Properties.m */ = {isa = PBXFileReference; fileEncoding = 4; lastKnownFileType = sourcecode.c.objc; path = "NSObject+Properties.m"; sourceTree = "<group>"; };
		6370E6F619B9454F00BDE59F /* PhoneNumber.h */ = {isa = PBXFileReference; fileEncoding = 4; lastKnownFileType = sourcecode.c.h; path = PhoneNumber.h; sourceTree = "<group>"; };
		6370E6F719B9454F00BDE59F /* PhoneNumber.m */ = {isa = PBXFileReference; fileEncoding = 4; lastKnownFileType = sourcecode.c.objc; path = PhoneNumber.m; sourceTree = "<group>"; };
		6370E6F819B9454F00BDE59F /* SocialId.h */ = {isa = PBXFileReference; fileEncoding = 4; lastKnownFileType = sourcecode.c.h; path = SocialId.h; sourceTree = "<group>"; };
		6370E6F919B9454F00BDE59F /* SocialId.m */ = {isa = PBXFileReference; fileEncoding = 4; lastKnownFileType = sourcecode.c.objc; path = SocialId.m; sourceTree = "<group>"; };
		6370E70519B9454F00BDE59F /* catalyze-ios-sdk.podspec */ = {isa = PBXFileReference; fileEncoding = 4; lastKnownFileType = text; path = "catalyze-ios-sdk.podspec"; sourceTree = "<group>"; };
		6370E70619B9454F00BDE59F /* catalyze-ios-sdk.xcodeproj */ = {isa = PBXFileReference; lastKnownFileType = "wrapper.pb-project"; path = "catalyze-ios-sdk.xcodeproj"; sourceTree = "<group>"; };
		6370E70919B9454F00BDE59F /* LICENSE */ = {isa = PBXFileReference; fileEncoding = 4; lastKnownFileType = text; path = LICENSE; sourceTree = "<group>"; };
		6370E70A19B9454F00BDE59F /* README.md */ = {isa = PBXFileReference; fileEncoding = 4; lastKnownFileType = text; path = README.md; sourceTree = "<group>"; };
		63905457196BA59900A6848F /* Parse.framework */ = {isa = PBXFileReference; lastKnownFileType = wrapper.framework; path = Parse.framework; sourceTree = "<group>"; };
		63AA0C3819CC8BA700C05C97 /* readme.markdown */ = {isa = PBXFileReference; fileEncoding = 4; lastKnownFileType = net.daringfireball.markdown; path = readme.markdown; sourceTree = "<group>"; };
		63B503B918FB43C20017F906 /* PCA-Thesis.app */ = {isa = PBXFileReference; explicitFileType = wrapper.application; includeInIndex = 0; path = "PCA-Thesis.app"; sourceTree = BUILT_PRODUCTS_DIR; };
		63B503BC18FB43C20017F906 /* Foundation.framework */ = {isa = PBXFileReference; lastKnownFileType = wrapper.framework; name = Foundation.framework; path = System/Library/Frameworks/Foundation.framework; sourceTree = SDKROOT; };
		63B503BE18FB43C20017F906 /* CoreGraphics.framework */ = {isa = PBXFileReference; lastKnownFileType = wrapper.framework; name = CoreGraphics.framework; path = System/Library/Frameworks/CoreGraphics.framework; sourceTree = SDKROOT; };
		63B503C018FB43C20017F906 /* UIKit.framework */ = {isa = PBXFileReference; lastKnownFileType = wrapper.framework; name = UIKit.framework; path = System/Library/Frameworks/UIKit.framework; sourceTree = SDKROOT; };
		63B503C418FB43C20017F906 /* PCA-Thesis-Info.plist */ = {isa = PBXFileReference; lastKnownFileType = text.plist.xml; path = "PCA-Thesis-Info.plist"; sourceTree = "<group>"; };
		63B503C618FB43C20017F906 /* en */ = {isa = PBXFileReference; lastKnownFileType = text.plist.strings; name = en; path = en.lproj/InfoPlist.strings; sourceTree = "<group>"; };
		63B503C818FB43C20017F906 /* main.m */ = {isa = PBXFileReference; lastKnownFileType = sourcecode.c.objc; path = main.m; sourceTree = "<group>"; };
		63B503CA18FB43C20017F906 /* PCA-Thesis-Prefix.pch */ = {isa = PBXFileReference; lastKnownFileType = sourcecode.c.h; path = "PCA-Thesis-Prefix.pch"; sourceTree = "<group>"; };
		63B503CB18FB43C20017F906 /* PCAAppDelegate.h */ = {isa = PBXFileReference; lastKnownFileType = sourcecode.c.h; path = PCAAppDelegate.h; sourceTree = "<group>"; };
		63B503CC18FB43C20017F906 /* PCAAppDelegate.m */ = {isa = PBXFileReference; lastKnownFileType = sourcecode.c.objc; path = PCAAppDelegate.m; sourceTree = "<group>"; };
		63B503CF18FB43C20017F906 /* Base */ = {isa = PBXFileReference; lastKnownFileType = file.storyboard; name = Base; path = Base.lproj/Main.storyboard; sourceTree = "<group>"; };
		63B503D118FB43C20017F906 /* PCALoginViewController.h */ = {isa = PBXFileReference; lastKnownFileType = sourcecode.c.h; path = PCALoginViewController.h; sourceTree = "<group>"; };
		63B503D218FB43C20017F906 /* PCALoginViewController.m */ = {isa = PBXFileReference; lastKnownFileType = sourcecode.c.objc; path = PCALoginViewController.m; sourceTree = "<group>"; };
		63B503D418FB43C20017F906 /* Images.xcassets */ = {isa = PBXFileReference; lastKnownFileType = folder.assetcatalog; path = Images.xcassets; sourceTree = "<group>"; };
		63B503DA18FB43C20017F906 /* PCA-ThesisTests.xctest */ = {isa = PBXFileReference; explicitFileType = wrapper.cfbundle; includeInIndex = 0; path = "PCA-ThesisTests.xctest"; sourceTree = BUILT_PRODUCTS_DIR; };
		63B503DB18FB43C20017F906 /* XCTest.framework */ = {isa = PBXFileReference; lastKnownFileType = wrapper.framework; name = XCTest.framework; path = Library/Frameworks/XCTest.framework; sourceTree = DEVELOPER_DIR; };
		63B503E318FB43C20017F906 /* PCA-ThesisTests-Info.plist */ = {isa = PBXFileReference; lastKnownFileType = text.plist.xml; path = "PCA-ThesisTests-Info.plist"; sourceTree = "<group>"; };
		63B503E518FB43C20017F906 /* en */ = {isa = PBXFileReference; lastKnownFileType = text.plist.strings; name = en; path = en.lproj/InfoPlist.strings; sourceTree = "<group>"; };
		63B503E718FB43C20017F906 /* PCA_ThesisTests.m */ = {isa = PBXFileReference; lastKnownFileType = sourcecode.c.objc; path = PCA_ThesisTests.m; sourceTree = "<group>"; };
		63BE8D45196BA3C300B20BD9 /* AudioToolbox.framework */ = {isa = PBXFileReference; lastKnownFileType = wrapper.framework; name = AudioToolbox.framework; path = System/Library/Frameworks/AudioToolbox.framework; sourceTree = SDKROOT; };
		63BE8D47196BA3CB00B20BD9 /* CFNetwork.framework */ = {isa = PBXFileReference; lastKnownFileType = wrapper.framework; name = CFNetwork.framework; path = System/Library/Frameworks/CFNetwork.framework; sourceTree = SDKROOT; };
		63BE8D49196BA3D700B20BD9 /* CoreLocation.framework */ = {isa = PBXFileReference; lastKnownFileType = wrapper.framework; name = CoreLocation.framework; path = System/Library/Frameworks/CoreLocation.framework; sourceTree = SDKROOT; };
		63BE8D4B196BA3DF00B20BD9 /* libz.dylib */ = {isa = PBXFileReference; lastKnownFileType = "compiled.mach-o.dylib"; name = libz.dylib; path = usr/lib/libz.dylib; sourceTree = SDKROOT; };
		63BE8D4D196BA3E500B20BD9 /* MobileCoreServices.framework */ = {isa = PBXFileReference; lastKnownFileType = wrapper.framework; name = MobileCoreServices.framework; path = System/Library/Frameworks/MobileCoreServices.framework; sourceTree = SDKROOT; };
		63BE8D4F196BA3EB00B20BD9 /* QuartzCore.framework */ = {isa = PBXFileReference; lastKnownFileType = wrapper.framework; name = QuartzCore.framework; path = System/Library/Frameworks/QuartzCore.framework; sourceTree = SDKROOT; };
		63BE8D51196BA3F000B20BD9 /* Security.framework */ = {isa = PBXFileReference; lastKnownFileType = wrapper.framework; name = Security.framework; path = System/Library/Frameworks/Security.framework; sourceTree = SDKROOT; };
		63BE8D53196BA3F500B20BD9 /* StoreKit.framework */ = {isa = PBXFileReference; lastKnownFileType = wrapper.framework; name = StoreKit.framework; path = System/Library/Frameworks/StoreKit.framework; sourceTree = SDKROOT; };
		63BE8D55196BA3FC00B20BD9 /* SystemConfiguration.framework */ = {isa = PBXFileReference; lastKnownFileType = wrapper.framework; name = SystemConfiguration.framework; path = System/Library/Frameworks/SystemConfiguration.framework; sourceTree = SDKROOT; };
		63DE728A19AE3742001AA9B9 /* PCAPatientTableViewController.h */ = {isa = PBXFileReference; fileEncoding = 4; lastKnownFileType = sourcecode.c.h; path = PCAPatientTableViewController.h; sourceTree = "<group>"; };
		63DE728B19AE3742001AA9B9 /* PCAPatientTableViewController.m */ = {isa = PBXFileReference; fileEncoding = 4; lastKnownFileType = sourcecode.c.objc; path = PCAPatientTableViewController.m; sourceTree = "<group>"; };
		63DF0CC019CF7AFD005814BA /* PCAAllDoneViewController.h */ = {isa = PBXFileReference; fileEncoding = 4; lastKnownFileType = sourcecode.c.h; path = PCAAllDoneViewController.h; sourceTree = "<group>"; };
		63DF0CC119CF7AFD005814BA /* PCAAllDoneViewController.m */ = {isa = PBXFileReference; fileEncoding = 4; lastKnownFileType = sourcecode.c.objc; path = PCAAllDoneViewController.m; sourceTree = "<group>"; };
/* End PBXFileReference section */

/* Begin PBXFrameworksBuildPhase section */
		63B503B618FB43C20017F906 /* Frameworks */ = {
			isa = PBXFrameworksBuildPhase;
			buildActionMask = 2147483647;
			files = (
				63BE8D56196BA3FC00B20BD9 /* SystemConfiguration.framework in Frameworks */,
				63BE8D54196BA3F500B20BD9 /* StoreKit.framework in Frameworks */,
				63BE8D52196BA3F000B20BD9 /* Security.framework in Frameworks */,
				63BE8D50196BA3EB00B20BD9 /* QuartzCore.framework in Frameworks */,
				63BE8D4E196BA3E500B20BD9 /* MobileCoreServices.framework in Frameworks */,
				63BE8D4C196BA3DF00B20BD9 /* libz.dylib in Frameworks */,
				63BE8D4A196BA3D700B20BD9 /* CoreLocation.framework in Frameworks */,
				63B503BF18FB43C20017F906 /* CoreGraphics.framework in Frameworks */,
				63BE8D48196BA3CB00B20BD9 /* CFNetwork.framework in Frameworks */,
				63BE8D46196BA3C300B20BD9 /* AudioToolbox.framework in Frameworks */,
				63B503C118FB43C20017F906 /* UIKit.framework in Frameworks */,
				63B503BD18FB43C20017F906 /* Foundation.framework in Frameworks */,
			);
			runOnlyForDeploymentPostprocessing = 0;
		};
		63B503D718FB43C20017F906 /* Frameworks */ = {
			isa = PBXFrameworksBuildPhase;
			buildActionMask = 2147483647;
			files = (
				63B503DC18FB43C20017F906 /* XCTest.framework in Frameworks */,
				63B503DE18FB43C20017F906 /* UIKit.framework in Frameworks */,
				63B503DD18FB43C20017F906 /* Foundation.framework in Frameworks */,
			);
			runOnlyForDeploymentPostprocessing = 0;
		};
/* End PBXFrameworksBuildPhase section */

/* Begin PBXGroup section */
		63166E00197C71AF006D78D2 /* TPKeyboard */ = {
			isa = PBXGroup;
			children = (
				63166E01197C722B006D78D2 /* TPKeyboardAvoidingCollectionView.h */,
				63166E02197C722B006D78D2 /* TPKeyboardAvoidingCollectionView.m */,
				63166E03197C722B006D78D2 /* TPKeyboardAvoidingTableView.h */,
				63166E04197C722B006D78D2 /* TPKeyboardAvoidingTableView.m */,
				63166E05197C722B006D78D2 /* UIScrollView+TPKeyboardAvoidingAdditions.h */,
				63166E06197C722B006D78D2 /* UIScrollView+TPKeyboardAvoidingAdditions.m */,
				63166DFD197C719B006D78D2 /* TPKeyboardAvoidingScrollView.h */,
				63166DFE197C719B006D78D2 /* TPKeyboardAvoidingScrollView.m */,
			);
			name = TPKeyboard;
			sourceTree = "<group>";
		};
		6370E6B419B9454F00BDE59F /* catalyze-ios-sdk */ = {
			isa = PBXGroup;
			children = (
				6370E6B519B9454F00BDE59F /* .gitignore */,
				6370E6B619B9454F00BDE59F /* catalyze-ios-sdk */,
				6370E70519B9454F00BDE59F /* catalyze-ios-sdk.podspec */,
				6370E70619B9454F00BDE59F /* catalyze-ios-sdk.xcodeproj */,
				6370E70919B9454F00BDE59F /* LICENSE */,
				6370E70A19B9454F00BDE59F /* README.md */,
			);
			name = "catalyze-ios-sdk";
			path = "catalyze/catalyze-ios-sdk";
			sourceTree = "<group>";
		};
		6370E6B619B9454F00BDE59F /* catalyze-ios-sdk */ = {
			isa = PBXGroup;
			children = (
				6370E6B719B9454F00BDE59F /* Address.h */,
				6370E6B819B9454F00BDE59F /* Address.m */,
				6370E6B919B9454F00BDE59F /* catalyze-ios-sdk-Prefix.pch */,
				6370E6BA19B9454F00BDE59F /* Catalyze.h */,
				6370E6BB19B9454F00BDE59F /* Catalyze.m */,
				6370E6BC19B9454F00BDE59F /* CatalyzeConstants.h */,
				6370E6BD19B9454F00BDE59F /* CatalyzeEntry.h */,
				6370E6BE19B9454F00BDE59F /* CatalyzeEntry.m */,
				6370E6BF19B9454F00BDE59F /* CatalyzeFileManager.h */,
				6370E6C019B9454F00BDE59F /* CatalyzeFileManager.m */,
				6370E6C119B9454F00BDE59F /* CatalyzeHTTPManager.h */,
				6370E6C219B9454F00BDE59F /* CatalyzeHTTPManager.m */,
				6370E6C319B9454F00BDE59F /* CatalyzeObject.h */,
				6370E6C419B9454F00BDE59F /* CatalyzeObject.m */,
				6370E6C519B9454F00BDE59F /* CatalyzeObjectProtocol.h */,
				6370E6C619B9454F00BDE59F /* CatalyzeQuery.h */,
				6370E6C719B9454F00BDE59F /* CatalyzeQuery.m */,
				6370E6C819B9454F00BDE59F /* CatalyzeReference.h */,
				6370E6C919B9454F00BDE59F /* CatalyzeReference.m */,
				6370E6CA19B9454F00BDE59F /* CatalyzeUser.h */,
				6370E6CB19B9454F00BDE59F /* CatalyzeUser.m */,
				6370E6CC19B9454F00BDE59F /* Email.h */,
				6370E6CD19B9454F00BDE59F /* Email.m */,
				6370E6CE19B9454F00BDE59F /* Geocode.h */,
				6370E6CF19B9454F00BDE59F /* Geocode.m */,
				6370E6D019B9454F00BDE59F /* Guardian.h */,
				6370E6D119B9454F00BDE59F /* Guardian.m */,
				6370E6D219B9454F00BDE59F /* HealthPlan.h */,
				6370E6D319B9454F00BDE59F /* HealthPlan.m */,
				6370E6D419B9454F00BDE59F /* JSONObject.h */,
				6370E6D519B9454F00BDE59F /* JSONObject.m */,
				6370E6D619B9454F00BDE59F /* Language.h */,
				6370E6D719B9454F00BDE59F /* Language.m */,
				6370E6D819B9454F00BDE59F /* Libraries */,
				6370E6F019B9454F00BDE59F /* Mrn.h */,
				6370E6F119B9454F00BDE59F /* Mrn.m */,
				6370E6F219B9454F00BDE59F /* Name.h */,
				6370E6F319B9454F00BDE59F /* Name.m */,
				6370E6F419B9454F00BDE59F /* NSObject+Properties.h */,
				6370E6F519B9454F00BDE59F /* NSObject+Properties.m */,
				6370E6F619B9454F00BDE59F /* PhoneNumber.h */,
				6370E6F719B9454F00BDE59F /* PhoneNumber.m */,
				6370E6F819B9454F00BDE59F /* SocialId.h */,
				6370E6F919B9454F00BDE59F /* SocialId.m */,
			);
			path = "catalyze-ios-sdk";
			sourceTree = "<group>";
		};
		6370E6D819B9454F00BDE59F /* Libraries */ = {
			isa = PBXGroup;
			children = (
				6370E6D919B9454F00BDE59F /* AFNetworkActivityLogger */,
				6370E6DC19B9454F00BDE59F /* AFNetworking */,
			);
			path = Libraries;
			sourceTree = "<group>";
		};
		6370E6D919B9454F00BDE59F /* AFNetworkActivityLogger */ = {
			isa = PBXGroup;
			children = (
				6370E6DA19B9454F00BDE59F /* AFNetworkActivityLogger.h */,
				6370E6DB19B9454F00BDE59F /* AFNetworkActivityLogger.m */,
			);
			path = AFNetworkActivityLogger;
			sourceTree = "<group>";
		};
		6370E6DC19B9454F00BDE59F /* AFNetworking */ = {
			isa = PBXGroup;
			children = (
				6370E6DD19B9454F00BDE59F /* AFHTTPRequestOperation.h */,
				6370E6DE19B9454F00BDE59F /* AFHTTPRequestOperation.m */,
				6370E6DF19B9454F00BDE59F /* AFHTTPRequestOperationManager.h */,
				6370E6E019B9454F00BDE59F /* AFHTTPRequestOperationManager.m */,
				6370E6E119B9454F00BDE59F /* AFHTTPSessionManager.h */,
				6370E6E219B9454F00BDE59F /* AFHTTPSessionManager.m */,
				6370E6E319B9454F00BDE59F /* AFNetworking.h */,
				6370E6E419B9454F00BDE59F /* AFNetworkReachabilityManager.h */,
				6370E6E519B9454F00BDE59F /* AFNetworkReachabilityManager.m */,
				6370E6E619B9454F00BDE59F /* AFSecurityPolicy.h */,
				6370E6E719B9454F00BDE59F /* AFSecurityPolicy.m */,
				6370E6E819B9454F00BDE59F /* AFURLConnectionOperation.h */,
				6370E6E919B9454F00BDE59F /* AFURLConnectionOperation.m */,
				6370E6EA19B9454F00BDE59F /* AFURLRequestSerialization.h */,
				6370E6EB19B9454F00BDE59F /* AFURLRequestSerialization.m */,
				6370E6EC19B9454F00BDE59F /* AFURLResponseSerialization.h */,
				6370E6ED19B9454F00BDE59F /* AFURLResponseSerialization.m */,
				6370E6EE19B9454F00BDE59F /* AFURLSessionManager.h */,
				6370E6EF19B9454F00BDE59F /* AFURLSessionManager.m */,
			);
			path = AFNetworking;
			sourceTree = "<group>";
		};
		6370E70719B9454F00BDE59F /* Products */ = {
			isa = PBXGroup;
			children = (
				6370E73A19B9454F00BDE59F /* libcatalyze-ios-sdk.a */,
				6370E73C19B9454F00BDE59F /* CatalyzeSDK.bundle */,
				6370E73E19B9454F00BDE59F /* catalyze-ios-sdk Tests.xctest */,
			);
			name = Products;
			sourceTree = "<group>";
		};
		63B503B018FB43C20017F906 = {
			isa = PBXGroup;
			children = (
				63AA0C3819CC8BA700C05C97 /* readme.markdown */,
				6370E6B419B9454F00BDE59F /* catalyze-ios-sdk */,
				63166E00197C71AF006D78D2 /* TPKeyboard */,
				63B503C218FB43C20017F906 /* PCA-Thesis */,
				63B503E118FB43C20017F906 /* PCA-ThesisTests */,
				63B503BB18FB43C20017F906 /* Frameworks */,
				63B503BA18FB43C20017F906 /* Products */,
			);
			sourceTree = "<group>";
		};
		63B503BA18FB43C20017F906 /* Products */ = {
			isa = PBXGroup;
			children = (
				63B503B918FB43C20017F906 /* PCA-Thesis.app */,
				63B503DA18FB43C20017F906 /* PCA-ThesisTests.xctest */,
			);
			name = Products;
			sourceTree = "<group>";
		};
		63B503BB18FB43C20017F906 /* Frameworks */ = {
			isa = PBXGroup;
			children = (
				63905457196BA59900A6848F /* Parse.framework */,
				63BE8D55196BA3FC00B20BD9 /* SystemConfiguration.framework */,
				63BE8D53196BA3F500B20BD9 /* StoreKit.framework */,
				63BE8D51196BA3F000B20BD9 /* Security.framework */,
				63BE8D4F196BA3EB00B20BD9 /* QuartzCore.framework */,
				63BE8D4D196BA3E500B20BD9 /* MobileCoreServices.framework */,
				63BE8D4B196BA3DF00B20BD9 /* libz.dylib */,
				63BE8D49196BA3D700B20BD9 /* CoreLocation.framework */,
				63BE8D47196BA3CB00B20BD9 /* CFNetwork.framework */,
				63BE8D45196BA3C300B20BD9 /* AudioToolbox.framework */,
				63B503BC18FB43C20017F906 /* Foundation.framework */,
				63B503BE18FB43C20017F906 /* CoreGraphics.framework */,
				63B503C018FB43C20017F906 /* UIKit.framework */,
				63B503DB18FB43C20017F906 /* XCTest.framework */,
			);
			name = Frameworks;
			sourceTree = "<group>";
		};
		63B503C218FB43C20017F906 /* PCA-Thesis */ = {
			isa = PBXGroup;
			children = (
				63B503CB18FB43C20017F906 /* PCAAppDelegate.h */,
				63B503CC18FB43C20017F906 /* PCAAppDelegate.m */,
				63B503CE18FB43C20017F906 /* Main.storyboard */,
				63DF0CC019CF7AFD005814BA /* PCAAllDoneViewController.h */,
				63DF0CC119CF7AFD005814BA /* PCAAllDoneViewController.m */,
				632E4E60197E1A2A00326376 /* PCAMainViewController.h */,
				632E4E61197E1A2A00326376 /* PCAMainViewController.m */,
				63DE728A19AE3742001AA9B9 /* PCAPatientTableViewController.h */,
				63DE728B19AE3742001AA9B9 /* PCAPatientTableViewController.m */,
				63438E5919AA7AA500C25DC5 /* PCADefinitions.h */,
				63438E5A19AA7AA500C25DC5 /* PCADefinitions.m */,
				63166DFA197C56FB006D78D2 /* PCASignupViewController.h */,
				63166DFB197C56FB006D78D2 /* PCASignupViewController.m */,
				63B503D118FB43C20017F906 /* PCALoginViewController.h */,
				63B503D218FB43C20017F906 /* PCALoginViewController.m */,
				63B503D418FB43C20017F906 /* Images.xcassets */,
				63B503C318FB43C20017F906 /* Supporting Files */,
			);
			path = "PCA-Thesis";
			sourceTree = "<group>";
		};
		63B503C318FB43C20017F906 /* Supporting Files */ = {
			isa = PBXGroup;
			children = (
				63B503C418FB43C20017F906 /* PCA-Thesis-Info.plist */,
				63B503C518FB43C20017F906 /* InfoPlist.strings */,
				63B503C818FB43C20017F906 /* main.m */,
				63B503CA18FB43C20017F906 /* PCA-Thesis-Prefix.pch */,
			);
			name = "Supporting Files";
			sourceTree = "<group>";
		};
		63B503E118FB43C20017F906 /* PCA-ThesisTests */ = {
			isa = PBXGroup;
			children = (
				63B503E718FB43C20017F906 /* PCA_ThesisTests.m */,
				63B503E218FB43C20017F906 /* Supporting Files */,
			);
			path = "PCA-ThesisTests";
			sourceTree = "<group>";
		};
		63B503E218FB43C20017F906 /* Supporting Files */ = {
			isa = PBXGroup;
			children = (
				63B503E318FB43C20017F906 /* PCA-ThesisTests-Info.plist */,
				63B503E418FB43C20017F906 /* InfoPlist.strings */,
			);
			name = "Supporting Files";
			sourceTree = "<group>";
		};
/* End PBXGroup section */

/* Begin PBXNativeTarget section */
		63B503B818FB43C20017F906 /* PCA-Thesis */ = {
			isa = PBXNativeTarget;
			buildConfigurationList = 63B503EB18FB43C20017F906 /* Build configuration list for PBXNativeTarget "PCA-Thesis" */;
			buildPhases = (
				63B503B518FB43C20017F906 /* Sources */,
				63B503B618FB43C20017F906 /* Frameworks */,
				63B503B718FB43C20017F906 /* Resources */,
			);
			buildRules = (
			);
			dependencies = (
			);
			name = "PCA-Thesis";
			productName = "PCA-Thesis";
			productReference = 63B503B918FB43C20017F906 /* PCA-Thesis.app */;
			productType = "com.apple.product-type.application";
		};
		63B503D918FB43C20017F906 /* PCA-ThesisTests */ = {
			isa = PBXNativeTarget;
			buildConfigurationList = 63B503EE18FB43C20017F906 /* Build configuration list for PBXNativeTarget "PCA-ThesisTests" */;
			buildPhases = (
				63B503D618FB43C20017F906 /* Sources */,
				63B503D718FB43C20017F906 /* Frameworks */,
				63B503D818FB43C20017F906 /* Resources */,
			);
			buildRules = (
			);
			dependencies = (
				63B503E018FB43C20017F906 /* PBXTargetDependency */,
			);
			name = "PCA-ThesisTests";
			productName = "PCA-ThesisTests";
			productReference = 63B503DA18FB43C20017F906 /* PCA-ThesisTests.xctest */;
			productType = "com.apple.product-type.bundle.unit-test";
		};
/* End PBXNativeTarget section */

/* Begin PBXProject section */
		63B503B118FB43C20017F906 /* Project object */ = {
			isa = PBXProject;
			attributes = {
				CLASSPREFIX = PCA;
				LastUpgradeCheck = 0510;
				ORGANIZATIONNAME = dhganey;
				TargetAttributes = {
					63AA0C2F19CC8AEB00C05C97 = {
						CreatedOnToolsVersion = 6.0.1;
					};
					63B503D918FB43C20017F906 = {
						TestTargetID = 63B503B818FB43C20017F906;
					};
				};
			};
			buildConfigurationList = 63B503B418FB43C20017F906 /* Build configuration list for PBXProject "PCA-Thesis" */;
			compatibilityVersion = "Xcode 3.2";
			developmentRegion = English;
			hasScannedForEncodings = 0;
			knownRegions = (
				en,
				Base,
			);
			mainGroup = 63B503B018FB43C20017F906;
			productRefGroup = 63B503BA18FB43C20017F906 /* Products */;
			projectDirPath = "";
			projectReferences = (
				{
					ProductGroup = 6370E70719B9454F00BDE59F /* Products */;
					ProjectRef = 6370E70619B9454F00BDE59F /* catalyze-ios-sdk.xcodeproj */;
				},
			);
			projectRoot = "";
			targets = (
				63B503B818FB43C20017F906 /* PCA-Thesis */,
				63B503D918FB43C20017F906 /* PCA-ThesisTests */,
				63AA0C2F19CC8AEB00C05C97 /* Documentation */,
			);
		};
/* End PBXProject section */

/* Begin PBXReferenceProxy section */
		6370E73A19B9454F00BDE59F /* libcatalyze-ios-sdk.a */ = {
			isa = PBXReferenceProxy;
			fileType = archive.ar;
			path = "libcatalyze-ios-sdk.a";
			remoteRef = 6370E73919B9454F00BDE59F /* PBXContainerItemProxy */;
			sourceTree = BUILT_PRODUCTS_DIR;
		};
		6370E73C19B9454F00BDE59F /* CatalyzeSDK.bundle */ = {
			isa = PBXReferenceProxy;
			fileType = wrapper.cfbundle;
			path = CatalyzeSDK.bundle;
			remoteRef = 6370E73B19B9454F00BDE59F /* PBXContainerItemProxy */;
			sourceTree = BUILT_PRODUCTS_DIR;
		};
		6370E73E19B9454F00BDE59F /* catalyze-ios-sdk Tests.xctest */ = {
			isa = PBXReferenceProxy;
			fileType = wrapper.cfbundle;
			path = "catalyze-ios-sdk Tests.xctest";
			remoteRef = 6370E73D19B9454F00BDE59F /* PBXContainerItemProxy */;
			sourceTree = BUILT_PRODUCTS_DIR;
		};
/* End PBXReferenceProxy section */

/* Begin PBXResourcesBuildPhase section */
		63B503B718FB43C20017F906 /* Resources */ = {
			isa = PBXResourcesBuildPhase;
			buildActionMask = 2147483647;
			files = (
				6370E70B19B9454F00BDE59F /* .gitignore in Resources */,
				6370E73319B9454F00BDE59F /* LICENSE in Resources */,
				63B503D518FB43C20017F906 /* Images.xcassets in Resources */,
				63B503C718FB43C20017F906 /* InfoPlist.strings in Resources */,
				6370E73219B9454F00BDE59F /* catalyze-ios-sdk.podspec in Resources */,
				6370E73419B9454F00BDE59F /* README.md in Resources */,
				63B503D018FB43C20017F906 /* Main.storyboard in Resources */,
			);
			runOnlyForDeploymentPostprocessing = 0;
		};
		63B503D818FB43C20017F906 /* Resources */ = {
			isa = PBXResourcesBuildPhase;
			buildActionMask = 2147483647;
			files = (
				63B503E618FB43C20017F906 /* InfoPlist.strings in Resources */,
			);
			runOnlyForDeploymentPostprocessing = 0;
		};
/* End PBXResourcesBuildPhase section */

/* Begin PBXShellScriptBuildPhase section */
		63AA0C3719CC8B0800C05C97 /* ShellScript */ = {
			isa = PBXShellScriptBuildPhase;
			buildActionMask = 2147483647;
			files = (
			);
			inputPaths = (
			);
			outputPaths = (
			);
			runOnlyForDeploymentPostprocessing = 0;
			shellPath = /bin/sh;
			shellScript = "#appledoc Xcode script\n# Start constants\ncompany=\"dhganey\";\ncompanyID=\"edu.asu.dhganey\";\ntarget=\"iphoneos\";\n#target=\"macosx\";\noutputPath=\"~/help\";\n# End constants\n/usr/local/bin/appledoc \\\n--project-name \"${PROJECT_NAME}\" \\\n--project-company \"${company}\" \\\n--company-id \"${companyID}\" \\\n--docset-atom-filename \"${company}.atom\" \\\n--docset-feed-url \"${companyURL}/${company}/%DOCSETATOMFILENAME\" \\\n--docset-package-url \"${companyURL}/${company}/%DOCSETPACKAGEFILENAME\" \\\n--docset-fallback-url \"${companyURL}/${company}\" \\\n--output \"${outputPath}\" \\\n--publish-docset \\\n--docset-platform-family \"${target}\" \\\n--logformat xcode \\\n--keep-intermediate-files \\\n--no-repeat-first-par \\\n--no-warn-invalid-crossref \\\n--exit-threshold 2 \\\n\"${PROJECT_DIR}\"";
		};
/* End PBXShellScriptBuildPhase section */

/* Begin PBXSourcesBuildPhase section */
		63B503B518FB43C20017F906 /* Sources */ = {
			isa = PBXSourcesBuildPhase;
			buildActionMask = 2147483647;
			files = (
				6370E71819B9454F00BDE59F /* HealthPlan.m in Sources */,
				6370E71F19B9454F00BDE59F /* AFNetworkReachabilityManager.m in Sources */,
				6370E72719B9454F00BDE59F /* NSObject+Properties.m in Sources */,
				63166DFC197C56FB006D78D2 /* PCASignupViewController.m in Sources */,
				6370E71419B9454F00BDE59F /* CatalyzeUser.m in Sources */,
				63166DFF197C719B006D78D2 /* TPKeyboardAvoidingScrollView.m in Sources */,
				6370E72919B9454F00BDE59F /* SocialId.m in Sources */,
				6370E70F19B9454F00BDE59F /* CatalyzeFileManager.m in Sources */,
				6370E71319B9454F00BDE59F /* CatalyzeReference.m in Sources */,
				6370E71219B9454F00BDE59F /* CatalyzeQuery.m in Sources */,
				6370E71719B9454F00BDE59F /* Guardian.m in Sources */,
				6370E72419B9454F00BDE59F /* AFURLSessionManager.m in Sources */,
				6370E72619B9454F00BDE59F /* Name.m in Sources */,
				6370E71619B9454F00BDE59F /* Geocode.m in Sources */,
				63B503D318FB43C20017F906 /* PCALoginViewController.m in Sources */,
				63B503C918FB43C20017F906 /* main.m in Sources */,
				63438E5B19AA7AA500C25DC5 /* PCADefinitions.m in Sources */,
				6370E71919B9454F00BDE59F /* JSONObject.m in Sources */,
				6370E71519B9454F00BDE59F /* Email.m in Sources */,
				6370E70E19B9454F00BDE59F /* CatalyzeEntry.m in Sources */,
				6370E72819B9454F00BDE59F /* PhoneNumber.m in Sources */,
				6370E71A19B9454F00BDE59F /* Language.m in Sources */,
				63166E07197C722B006D78D2 /* TPKeyboardAvoidingCollectionView.m in Sources */,
				6370E71019B9454F00BDE59F /* CatalyzeHTTPManager.m in Sources */,
				6370E72319B9454F00BDE59F /* AFURLResponseSerialization.m in Sources */,
				6370E71119B9454F00BDE59F /* CatalyzeObject.m in Sources */,
				6370E70C19B9454F00BDE59F /* Address.m in Sources */,
				6370E71C19B9454F00BDE59F /* AFHTTPRequestOperation.m in Sources */,
				6370E72119B9454F00BDE59F /* AFURLConnectionOperation.m in Sources */,
				6370E71D19B9454F00BDE59F /* AFHTTPRequestOperationManager.m in Sources */,
				63166E08197C722B006D78D2 /* TPKeyboardAvoidingTableView.m in Sources */,
				63DF0CC219CF7AFD005814BA /* PCAAllDoneViewController.m in Sources */,
				6370E72519B9454F00BDE59F /* Mrn.m in Sources */,
				632E4E62197E1A2A00326376 /* PCAMainViewController.m in Sources */,
				6370E71B19B9454F00BDE59F /* AFNetworkActivityLogger.m in Sources */,
				63166E09197C722B006D78D2 /* UIScrollView+TPKeyboardAvoidingAdditions.m in Sources */,
				63DE728C19AE3742001AA9B9 /* PCAPatientTableViewController.m in Sources */,
				6370E72219B9454F00BDE59F /* AFURLRequestSerialization.m in Sources */,
				6370E72019B9454F00BDE59F /* AFSecurityPolicy.m in Sources */,
				6370E71E19B9454F00BDE59F /* AFHTTPSessionManager.m in Sources */,
				6370E70D19B9454F00BDE59F /* Catalyze.m in Sources */,
				63B503CD18FB43C20017F906 /* PCAAppDelegate.m in Sources */,
			);
			runOnlyForDeploymentPostprocessing = 0;
		};
		63B503D618FB43C20017F906 /* Sources */ = {
			isa = PBXSourcesBuildPhase;
			buildActionMask = 2147483647;
			files = (
				63B503E818FB43C20017F906 /* PCA_ThesisTests.m in Sources */,
			);
			runOnlyForDeploymentPostprocessing = 0;
		};
/* End PBXSourcesBuildPhase section */

/* Begin PBXTargetDependency section */
		63B503E018FB43C20017F906 /* PBXTargetDependency */ = {
			isa = PBXTargetDependency;
			target = 63B503B818FB43C20017F906 /* PCA-Thesis */;
			targetProxy = 63B503DF18FB43C20017F906 /* PBXContainerItemProxy */;
		};
/* End PBXTargetDependency section */

/* Begin PBXVariantGroup section */
		63B503C518FB43C20017F906 /* InfoPlist.strings */ = {
			isa = PBXVariantGroup;
			children = (
				63B503C618FB43C20017F906 /* en */,
			);
			name = InfoPlist.strings;
			sourceTree = "<group>";
		};
		63B503CE18FB43C20017F906 /* Main.storyboard */ = {
			isa = PBXVariantGroup;
			children = (
				63B503CF18FB43C20017F906 /* Base */,
			);
			name = Main.storyboard;
			sourceTree = "<group>";
		};
		63B503E418FB43C20017F906 /* InfoPlist.strings */ = {
			isa = PBXVariantGroup;
			children = (
				63B503E518FB43C20017F906 /* en */,
			);
			name = InfoPlist.strings;
			sourceTree = "<group>";
		};
/* End PBXVariantGroup section */

/* Begin XCBuildConfiguration section */
		63AA0C3019CC8AEB00C05C97 /* Debug */ = {
			isa = XCBuildConfiguration;
			buildSettings = {
				PRODUCT_NAME = "$(TARGET_NAME)";
			};
			name = Debug;
		};
		63AA0C3119CC8AEB00C05C97 /* Release */ = {
			isa = XCBuildConfiguration;
			buildSettings = {
				PRODUCT_NAME = "$(TARGET_NAME)";
			};
			name = Release;
		};
		63B503E918FB43C20017F906 /* Debug */ = {
			isa = XCBuildConfiguration;
			buildSettings = {
				ALWAYS_SEARCH_USER_PATHS = NO;
				CLANG_CXX_LANGUAGE_STANDARD = "gnu++0x";
				CLANG_CXX_LIBRARY = "libc++";
				CLANG_ENABLE_MODULES = YES;
				CLANG_ENABLE_OBJC_ARC = YES;
				CLANG_WARN_BOOL_CONVERSION = YES;
				CLANG_WARN_CONSTANT_CONVERSION = YES;
				CLANG_WARN_DIRECT_OBJC_ISA_USAGE = YES_ERROR;
				CLANG_WARN_EMPTY_BODY = YES;
				CLANG_WARN_ENUM_CONVERSION = YES;
				CLANG_WARN_INT_CONVERSION = YES;
				CLANG_WARN_OBJC_ROOT_CLASS = YES_ERROR;
				CLANG_WARN__DUPLICATE_METHOD_MATCH = YES;
				"CODE_SIGN_IDENTITY[sdk=iphoneos*]" = "iPhone Developer";
				COPY_PHASE_STRIP = NO;
				GCC_C_LANGUAGE_STANDARD = gnu99;
				GCC_DYNAMIC_NO_PIC = NO;
				GCC_OPTIMIZATION_LEVEL = 0;
				GCC_PREPROCESSOR_DEFINITIONS = (
					"DEBUG=1",
					"$(inherited)",
				);
				GCC_SYMBOLS_PRIVATE_EXTERN = NO;
				GCC_WARN_64_TO_32_BIT_CONVERSION = YES;
				GCC_WARN_ABOUT_RETURN_TYPE = YES_ERROR;
				GCC_WARN_UNDECLARED_SELECTOR = YES;
				GCC_WARN_UNINITIALIZED_AUTOS = YES_AGGRESSIVE;
				GCC_WARN_UNUSED_FUNCTION = YES;
				GCC_WARN_UNUSED_VARIABLE = YES;
				IPHONEOS_DEPLOYMENT_TARGET = 7.1;
				ONLY_ACTIVE_ARCH = YES;
				SDKROOT = iphoneos;
			};
			name = Debug;
		};
		63B503EA18FB43C20017F906 /* Release */ = {
			isa = XCBuildConfiguration;
			buildSettings = {
				ALWAYS_SEARCH_USER_PATHS = NO;
				CLANG_CXX_LANGUAGE_STANDARD = "gnu++0x";
				CLANG_CXX_LIBRARY = "libc++";
				CLANG_ENABLE_MODULES = YES;
				CLANG_ENABLE_OBJC_ARC = YES;
				CLANG_WARN_BOOL_CONVERSION = YES;
				CLANG_WARN_CONSTANT_CONVERSION = YES;
				CLANG_WARN_DIRECT_OBJC_ISA_USAGE = YES_ERROR;
				CLANG_WARN_EMPTY_BODY = YES;
				CLANG_WARN_ENUM_CONVERSION = YES;
				CLANG_WARN_INT_CONVERSION = YES;
				CLANG_WARN_OBJC_ROOT_CLASS = YES_ERROR;
				CLANG_WARN__DUPLICATE_METHOD_MATCH = YES;
				"CODE_SIGN_IDENTITY[sdk=iphoneos*]" = "iPhone Developer";
				COPY_PHASE_STRIP = YES;
				ENABLE_NS_ASSERTIONS = NO;
				GCC_C_LANGUAGE_STANDARD = gnu99;
				GCC_WARN_64_TO_32_BIT_CONVERSION = YES;
				GCC_WARN_ABOUT_RETURN_TYPE = YES_ERROR;
				GCC_WARN_UNDECLARED_SELECTOR = YES;
				GCC_WARN_UNINITIALIZED_AUTOS = YES_AGGRESSIVE;
				GCC_WARN_UNUSED_FUNCTION = YES;
				GCC_WARN_UNUSED_VARIABLE = YES;
				IPHONEOS_DEPLOYMENT_TARGET = 7.1;
				SDKROOT = iphoneos;
				VALIDATE_PRODUCT = YES;
			};
			name = Release;
		};
		63B503EC18FB43C20017F906 /* Debug */ = {
			isa = XCBuildConfiguration;
			buildSettings = {
				ASSETCATALOG_COMPILER_APPICON_NAME = AppIcon;
				ASSETCATALOG_COMPILER_LAUNCHIMAGE_NAME = LaunchImage;
				FRAMEWORK_SEARCH_PATHS = (
					"$(inherited)",
					"$(PROJECT_DIR)",
				);
				GCC_PRECOMPILE_PREFIX_HEADER = YES;
				GCC_PREFIX_HEADER = "PCA-Thesis/PCA-Thesis-Prefix.pch";
				INFOPLIST_FILE = "PCA-Thesis/PCA-Thesis-Info.plist";
				PRODUCT_NAME = "$(TARGET_NAME)";
				WRAPPER_EXTENSION = app;
			};
			name = Debug;
		};
		63B503ED18FB43C20017F906 /* Release */ = {
			isa = XCBuildConfiguration;
			buildSettings = {
				ASSETCATALOG_COMPILER_APPICON_NAME = AppIcon;
				ASSETCATALOG_COMPILER_LAUNCHIMAGE_NAME = LaunchImage;
				FRAMEWORK_SEARCH_PATHS = (
					"$(inherited)",
					"$(PROJECT_DIR)",
				);
				GCC_PRECOMPILE_PREFIX_HEADER = YES;
				GCC_PREFIX_HEADER = "PCA-Thesis/PCA-Thesis-Prefix.pch";
				INFOPLIST_FILE = "PCA-Thesis/PCA-Thesis-Info.plist";
				PRODUCT_NAME = "$(TARGET_NAME)";
				WRAPPER_EXTENSION = app;
			};
			name = Release;
		};
		63B503EF18FB43C20017F906 /* Debug */ = {
			isa = XCBuildConfiguration;
			buildSettings = {
				BUNDLE_LOADER = "$(BUILT_PRODUCTS_DIR)/PCA-Thesis.app/PCA-Thesis";
				FRAMEWORK_SEARCH_PATHS = (
					"$(SDKROOT)/Developer/Library/Frameworks",
					"$(inherited)",
					"$(DEVELOPER_FRAMEWORKS_DIR)",
				);
				GCC_PRECOMPILE_PREFIX_HEADER = YES;
				GCC_PREFIX_HEADER = "PCA-Thesis/PCA-Thesis-Prefix.pch";
				GCC_PREPROCESSOR_DEFINITIONS = (
					"DEBUG=1",
					"$(inherited)",
				);
				INFOPLIST_FILE = "PCA-ThesisTests/PCA-ThesisTests-Info.plist";
				PRODUCT_NAME = "$(TARGET_NAME)";
				TEST_HOST = "$(BUNDLE_LOADER)";
				WRAPPER_EXTENSION = xctest;
			};
			name = Debug;
		};
		63B503F018FB43C20017F906 /* Release */ = {
			isa = XCBuildConfiguration;
			buildSettings = {
				BUNDLE_LOADER = "$(BUILT_PRODUCTS_DIR)/PCA-Thesis.app/PCA-Thesis";
				FRAMEWORK_SEARCH_PATHS = (
					"$(SDKROOT)/Developer/Library/Frameworks",
					"$(inherited)",
					"$(DEVELOPER_FRAMEWORKS_DIR)",
				);
				GCC_PRECOMPILE_PREFIX_HEADER = YES;
				GCC_PREFIX_HEADER = "PCA-Thesis/PCA-Thesis-Prefix.pch";
				INFOPLIST_FILE = "PCA-ThesisTests/PCA-ThesisTests-Info.plist";
				PRODUCT_NAME = "$(TARGET_NAME)";
				TEST_HOST = "$(BUNDLE_LOADER)";
				WRAPPER_EXTENSION = xctest;
			};
			name = Release;
		};
/* End XCBuildConfiguration section */

/* Begin XCConfigurationList section */
		63AA0C3619CC8AEB00C05C97 /* Build configuration list for PBXAggregateTarget "Documentation" */ = {
			isa = XCConfigurationList;
			buildConfigurations = (
				63AA0C3019CC8AEB00C05C97 /* Debug */,
				63AA0C3119CC8AEB00C05C97 /* Release */,
			);
			defaultConfigurationIsVisible = 0;
			defaultConfigurationName = Release;
		};
		63B503B418FB43C20017F906 /* Build configuration list for PBXProject "PCA-Thesis" */ = {
			isa = XCConfigurationList;
			buildConfigurations = (
				63B503E918FB43C20017F906 /* Debug */,
				63B503EA18FB43C20017F906 /* Release */,
			);
			defaultConfigurationIsVisible = 0;
			defaultConfigurationName = Release;
		};
		63B503EB18FB43C20017F906 /* Build configuration list for PBXNativeTarget "PCA-Thesis" */ = {
			isa = XCConfigurationList;
			buildConfigurations = (
				63B503EC18FB43C20017F906 /* Debug */,
				63B503ED18FB43C20017F906 /* Release */,
			);
			defaultConfigurationIsVisible = 0;
			defaultConfigurationName = Release;
		};
		63B503EE18FB43C20017F906 /* Build configuration list for PBXNativeTarget "PCA-ThesisTests" */ = {
			isa = XCConfigurationList;
			buildConfigurations = (
				63B503EF18FB43C20017F906 /* Debug */,
				63B503F018FB43C20017F906 /* Release */,
			);
			defaultConfigurationIsVisible = 0;
			defaultConfigurationName = Release;
		};
/* End XCConfigurationList section */
	};
	rootObject = 63B503B118FB43C20017F906 /* Project object */;
}
